<?xml version="1.0" encoding="UTF-8"?>
<Scheme
   version = "1.7">
   <BuildAction
      parallelizeBuildables = "YES"
      buildImplicitDependencies = "YES">
      <PostActions>
         <ExecutionAction
            ActionType = "Xcode.IDEStandardExecutionActionsCore.ExecutionActionType.ShellScriptAction">
            <ActionContent
               title = "Run Script"
               scriptText = "echo &quot;BUILDING AXR PROTOTYPE&quot;&#10;&#10;#cd into the resources dir&#10;cd &quot;${BUILT_PRODUCTS_DIR}/${UNLOCALIZED_RESOURCES_FOLDER_PATH}&quot;&#10;echo &quot;cd&apos;d into: ${BUILT_PRODUCTS_DIR}/${UNLOCALIZED_RESOURCES_FOLDER_PATH}&quot;&#10;&#10;#get the path to the executable&#10;EXECUTABLE=&quot;${BUILT_PRODUCTS_DIR}/${EXECUTABLE_PATH}&quot;&#10;echo &quot;executable: $EXECUTABLE&quot;&#10;&#10;#give write permissions&#10;for DYLIB in *.dylib&#10;do&#10;    echo &quot;chmod u+rwx $DYLIB&quot;&#10;    chmod u+rwx &quot;$DYLIB&quot;&#10;done&#10;&#10;#loop over the dylibs and set their id, then update the executable to point to that new id&#10;for DYLIB in *.dylib&#10;do&#10;&#10;    echo &quot;updating paths of $DYLIB&quot;&#10;    OLD=`otool -DX &quot;$DYLIB&quot;`&#10;    OLD2=&quot;/usr/local/lib/$DYLIB&quot;&#10;echo &quot;old: $OLD&quot;&#10;    NEW=&quot;@executable_path/../Resources/$DYLIB&quot;&#10;echo &quot;new: $NEW&quot;&#10;    install_name_tool -id &quot;$NEW&quot; &quot;$DYLIB&quot;&#10;echo &quot;install_name_tool -id \&quot;$NEW\&quot; \&quot;$DYLIB\&quot;&quot;&#10;    install_name_tool -change &quot;$OLD&quot; &quot;$NEW&quot; &quot;$EXECUTABLE&quot;&#10;echo &quot;install_name_tool -change \&quot;$OLD\&quot; \&quot;$NEW\&quot; \&quot;$EXECUTABLE\&quot;&quot;&#10;    install_name_tool -change &quot;$OLD2&quot; &quot;$NEW&quot; &quot;$EXECUTABLE&quot;&#10;echo &quot;install_name_tool -change \&quot;$OLD2\&quot; \&quot;$NEW\&quot; \&quot;$EXECUTABLE\&quot;&quot;&#10;&#10;    #now loop over the dylibs again, and correct any link to the current one&#10;    for DYLIB2 in *.dylib&#10;    do&#10;        install_name_tool -change &quot;$OLD&quot; &quot;$NEW&quot; &quot;$DYLIB2&quot;&#10;echo &quot;install_name_tool -change \&quot;$OLD\&quot; \&quot;$NEW\&quot; \&quot;$DYLIB2\&quot;&quot;&#10;        install_name_tool -change &quot;$OLD2&quot; &quot;$NEW&quot; &quot;$DYLIB2&quot;&#10;echo &quot;install_name_tool -change \&quot;$OLD2\&quot; \&quot;$NEW\&quot; \&quot;$DYLIB2\&quot;&quot;&#10;        install_name_tool -change &quot;$OLD&quot; &quot;$NEW&quot; &quot;$EXECUTABLE&quot;&#10;echo &quot;install_name_tool -change \&quot;$OLD\&quot; \&quot;$NEW\&quot; \&quot;$EXECUTABLE\&quot;&quot;&#10;        install_name_tool -change &quot;$OLD2&quot; &quot;$NEW&quot; &quot;$EXECUTABLE&quot;&#10;echo &quot;install_name_tool -change \&quot;$OLD2\&quot; \&quot;$NEW\&quot; \&quot;$EXECUTABLE\&quot;&quot;&#10;    done&#10;done&#10;&#10;echo &quot;--------------------------&quot;">
               <EnvironmentBuildable>
                  <BuildableReference
                     BuildableIdentifier = "primary"
                     BlueprintIdentifier = "8D1107260486CEB800E47090"
                     BuildableName = "AXR Prototype.app"
                     BlueprintName = "AXR Test App"
                     ReferencedContainer = "container:AXR Test App.xcodeproj">
                  </BuildableReference>
               </EnvironmentBuildable>
            </ActionContent>
         </ExecutionAction>
      </PostActions>
      <BuildActionEntries>
         <BuildActionEntry
            buildForTesting = "YES"
            buildForRunning = "YES"
            buildForProfiling = "YES"
            buildForArchiving = "YES"
            buildForAnalyzing = "YES">
            <BuildableReference
               BuildableIdentifier = "primary"
               BlueprintIdentifier = "8D1107260486CEB800E47090"
               BuildableName = "AXR Prototype.app"
               BlueprintName = "AXR Test App"
               ReferencedContainer = "container:AXR Test App.xcodeproj">
            </BuildableReference>
         </BuildActionEntry>
      </BuildActionEntries>
   </BuildAction>
   <TestAction
      selectedDebuggerIdentifier = "Xcode.DebuggerFoundation.Debugger.GDB"
      selectedLauncherIdentifier = "Xcode.DebuggerFoundation.Launcher.GDB"
      shouldUseLaunchSchemeArgsEnv = "YES"
      buildConfiguration = "Debug">
      <Testables>
      </Testables>
   </TestAction>
   <LaunchAction
      selectedDebuggerIdentifier = "Xcode.DebuggerFoundation.Debugger.GDB"
      selectedLauncherIdentifier = "Xcode.DebuggerFoundation.Launcher.GDB"
      launchStyle = "0"
      useCustomWorkingDirectory = "NO"
      buildConfiguration = "Release">
      <BuildableProductRunnable>
         <BuildableReference
            BuildableIdentifier = "primary"
            BlueprintIdentifier = "8D1107260486CEB800E47090"
            BuildableName = "AXR Prototype.app"
            BlueprintName = "AXR Test App"
            ReferencedContainer = "container:AXR Test App.xcodeproj">
         </BuildableReference>
      </BuildableProductRunnable>
      <AdditionalOptions>
      </AdditionalOptions>
   </LaunchAction>
   <ProfileAction
      shouldUseLaunchSchemeArgsEnv = "YES"
      savedToolIdentifier = ""
      useCustomWorkingDirectory = "NO"
      buildConfiguration = "Release">
      <BuildableProductRunnable>
         <BuildableReference
            BuildableIdentifier = "primary"
            BlueprintIdentifier = "8D1107260486CEB800E47090"
            BuildableName = "AXR Prototype.app"
            BlueprintName = "AXR Test App"
            ReferencedContainer = "container:AXR Test App.xcodeproj">
         </BuildableReference>
      </BuildableProductRunnable>
   </ProfileAction>
   <AnalyzeAction
      buildConfiguration = "Release">
   </AnalyzeAction>
   <ArchiveAction
      buildConfiguration = "Release"
      revealArchiveInOrganizer = "YES">
      <PostActions>
         <ExecutionAction
            ActionType = "Xcode.IDEStandardExecutionActionsCore.ExecutionActionType.ShellScriptAction">
            <ActionContent
               title = "Run Script"
               scriptText = "cd &quot;${ARCHIVE_PRODUCTS_PATH}/Applications/${UNLOCALIZED_RESOURCES_FOLDER_PATH}&quot;&#10;&#10;EXECUTABLE=&quot;${ARCHIVE_PRODUCTS_PATH}/Applications/${EXECUTABLE_PATH}&quot;&#10;&#10;for DYLIB in *.dylib&#10;do&#10;OLD=`otool -DX &quot;$DYLIB&quot;`&#10;NEW=&quot;@executable_path/../Resources/$DYLIB&quot;&#10;install_name_tool -id &quot;$NEW&quot; &quot;$DYLIB&quot;&#10;install_name_tool -change &quot;$OLD&quot; &quot;$NEW&quot; &quot;$EXECUTABLE&quot;&#10;done">
               <EnvironmentBuildable>
                  <BuildableReference
                     BuildableIdentifier = "primary"
                     BlueprintIdentifier = "8D1107260486CEB800E47090"
                     BuildableName = "AXR Prototype.app"
                     BlueprintName = "AXR Test App"
                     ReferencedContainer = "container:AXR Test App.xcodeproj">
                  </BuildableReference>
               </EnvironmentBuildable>
            </ActionContent>
         </ExecutionAction>
      </PostActions>
   </ArchiveAction>
</Scheme>
