// !$*UTF8*$!
{
	archiveVersion = 1;
	classes = {
	};
	objectVersion = 45;
	objects = {

/* Begin PBXBuildFile section */
		4E07C4681434DD3300B1B7CA /* HSSFunctionCall.cpp in Sources */ = {isa = PBXBuildFile; fileRef = 4E07C4661434DD3300B1B7CA /* HSSFunctionCall.cpp */; };
		4E07C4691434DD3300B1B7CA /* HSSFunctionCall.h in Headers */ = {isa = PBXBuildFile; fileRef = 4E07C4671434DD3300B1B7CA /* HSSFunctionCall.h */; };
		4E07C46B1434F22900B1B7CA /* HSSFunctions.h in Headers */ = {isa = PBXBuildFile; fileRef = 4E07C46A1434F22900B1B7CA /* HSSFunctions.h */; };
		4E07C46E1434F2CF00B1B7CA /* HSSRefFunction.cpp in Sources */ = {isa = PBXBuildFile; fileRef = 4E07C46C1434F2CE00B1B7CA /* HSSRefFunction.cpp */; };
		4E07C46F1434F2CF00B1B7CA /* HSSRefFunction.h in Headers */ = {isa = PBXBuildFile; fileRef = 4E07C46D1434F2CE00B1B7CA /* HSSRefFunction.h */; };
		4E12B9161365B8D700BBAD6C /* HSSSubtraction.cpp in Sources */ = {isa = PBXBuildFile; fileRef = 4E12B9141365B8D700BBAD6C /* HSSSubtraction.cpp */; };
		4E12B9171365B8D700BBAD6C /* HSSSubtraction.h in Headers */ = {isa = PBXBuildFile; fileRef = 4E12B9151365B8D700BBAD6C /* HSSSubtraction.h */; };
		4E12B91A1365B95200BBAD6C /* HSSMultiplication.cpp in Sources */ = {isa = PBXBuildFile; fileRef = 4E12B9181365B95200BBAD6C /* HSSMultiplication.cpp */; };
		4E12B91B1365B95200BBAD6C /* HSSMultiplication.h in Headers */ = {isa = PBXBuildFile; fileRef = 4E12B9191365B95200BBAD6C /* HSSMultiplication.h */; };
		4E12B91E1365BB0200BBAD6C /* HSSDivision.cpp in Sources */ = {isa = PBXBuildFile; fileRef = 4E12B91C1365BB0200BBAD6C /* HSSDivision.cpp */; };
		4E12B91F1365BB0200BBAD6C /* HSSDivision.h in Headers */ = {isa = PBXBuildFile; fileRef = 4E12B91D1365BB0200BBAD6C /* HSSDivision.h */; };
		4E12B9221365BEA600BBAD6C /* HSSObservable.cpp in Sources */ = {isa = PBXBuildFile; fileRef = 4E12B9201365BEA600BBAD6C /* HSSObservable.cpp */; };
		4E12B9231365BEA600BBAD6C /* HSSObservable.h in Headers */ = {isa = PBXBuildFile; fileRef = 4E12B9211365BEA600BBAD6C /* HSSObservable.h */; };
		4E1BE18013A3F5F300D7C6DB /* HSSRgba.cpp in Sources */ = {isa = PBXBuildFile; fileRef = 4E1BE17E13A3F5F300D7C6DB /* HSSRgba.cpp */; };
		4E1BE18113A3F5F300D7C6DB /* HSSRgba.h in Headers */ = {isa = PBXBuildFile; fileRef = 4E1BE17F13A3F5F300D7C6DB /* HSSRgba.h */; };
		4E351B771350784B00FEB909 /* AXRView.mm in Sources */ = {isa = PBXBuildFile; fileRef = 4E80C87713505DEA00D88409 /* AXRView.mm */; };
		4E5457AB136443E900D67571 /* HSSObservableProperties.h in Headers */ = {isa = PBXBuildFile; fileRef = 4E5457AA136443E900D67571 /* HSSObservableProperties.h */; };
		4E5457B01364523D00D67571 /* HSSCallback.cpp in Sources */ = {isa = PBXBuildFile; fileRef = 4E5457AE1364523D00D67571 /* HSSCallback.cpp */; };
		4E5457B11364523D00D67571 /* HSSCallback.h in Headers */ = {isa = PBXBuildFile; fileRef = 4E5457AF1364523D00D67571 /* HSSCallback.h */; };
		4E5457B41364B37B00D67571 /* HSSSum.cpp in Sources */ = {isa = PBXBuildFile; fileRef = 4E5457B21364B37A00D67571 /* HSSSum.cpp */; };
		4E5457B51364B37B00D67571 /* HSSSum.h in Headers */ = {isa = PBXBuildFile; fileRef = 4E5457B31364B37B00D67571 /* HSSSum.h */; };
		4E5457B71364B56500D67571 /* HSSExpressions.h in Headers */ = {isa = PBXBuildFile; fileRef = 4E5457B61364B56400D67571 /* HSSExpressions.h */; };
		4E58ED7E1433AA7E004FD8DC /* HSSFunction.cpp in Sources */ = {isa = PBXBuildFile; fileRef = 4E58ED7C1433AA7E004FD8DC /* HSSFunction.cpp */; };
		4E58ED7F1433AA7E004FD8DC /* HSSFunction.h in Headers */ = {isa = PBXBuildFile; fileRef = 4E58ED7D1433AA7E004FD8DC /* HSSFunction.h */; };
		4E95BF43135072A300117354 /* AXR.h in Headers */ = {isa = PBXBuildFile; fileRef = 4ED1A8991309A4F5001EAEA9 /* AXR.h */; };
		4E95BF44135072A500117354 /* hss.h in Headers */ = {isa = PBXBuildFile; fileRef = 4E80C7ED13505DD200D88409 /* hss.h */; };
		4E95BF45135072B200117354 /* HSSBorder.h in Headers */ = {isa = PBXBuildFile; fileRef = 4E80C7F013505DD200D88409 /* HSSBorder.h */; };
		4E95BF46135072B400117354 /* HSSContainer.h in Headers */ = {isa = PBXBuildFile; fileRef = 4E80C7F213505DD200D88409 /* HSSContainer.h */; };
		4E95BF47135072B700117354 /* HSSDisplayObject.h in Headers */ = {isa = PBXBuildFile; fileRef = 4E80C7F413505DD200D88409 /* HSSDisplayObject.h */; };
		4E95BF48135072B900117354 /* HSSLineBorder.h in Headers */ = {isa = PBXBuildFile; fileRef = 4E80C7F613505DD200D88409 /* HSSLineBorder.h */; };
		4E95BF49135072BB00117354 /* HSSMargin.h in Headers */ = {isa = PBXBuildFile; fileRef = 4E80C7F813505DD200D88409 /* HSSMargin.h */; };
		4E95BF4A135072BE00117354 /* HSSMultipleValue.h in Headers */ = {isa = PBXBuildFile; fileRef = 4E80C7FA13505DD200D88409 /* HSSMultipleValue.h */; };
		4E95BF4B135072C200117354 /* HSSObject.h in Headers */ = {isa = PBXBuildFile; fileRef = 4E80C7FC13505DD200D88409 /* HSSObject.h */; };
		4E95BF4C135072C700117354 /* HSSObjectExceptions.h in Headers */ = {isa = PBXBuildFile; fileRef = 4E80C7FE13505DD200D88409 /* HSSObjectExceptions.h */; };
		4E95BF4D135072CA00117354 /* HSSObjects.h in Headers */ = {isa = PBXBuildFile; fileRef = 4E80C7FF13505DD200D88409 /* HSSObjects.h */; };
		4E95BF4E135072CD00117354 /* HSSValue.h in Headers */ = {isa = PBXBuildFile; fileRef = 4E80C80113505DD200D88409 /* HSSValue.h */; };
		4E95BF4F135072D200117354 /* HSSCombinator.h in Headers */ = {isa = PBXBuildFile; fileRef = 4E80C80413505DD300D88409 /* HSSCombinator.h */; };
		4E95BF50135072D400117354 /* HSSComment.h in Headers */ = {isa = PBXBuildFile; fileRef = 4E80C80613505DD300D88409 /* HSSComment.h */; };
		4E95BF51135072DE00117354 /* HSSConstants.h in Headers */ = {isa = PBXBuildFile; fileRef = 4E80C80713505DD300D88409 /* HSSConstants.h */; };
		4E95BF52135072ED00117354 /* HSSExpression.h in Headers */ = {isa = PBXBuildFile; fileRef = 4E80C80913505DD300D88409 /* HSSExpression.h */; };
		4E95BF53135072F000117354 /* HSSInstruction.h in Headers */ = {isa = PBXBuildFile; fileRef = 4E80C80B13505DD300D88409 /* HSSInstruction.h */; };
		4E95BF54135072F400117354 /* HSSKeywordConstant.h in Headers */ = {isa = PBXBuildFile; fileRef = 4E80C80D13505DD300D88409 /* HSSKeywordConstant.h */; };
		4E95BF55135072F700117354 /* HSSNumberConstant.h in Headers */ = {isa = PBXBuildFile; fileRef = 4E80C80F13505DD300D88409 /* HSSNumberConstant.h */; };
		4E95BF56135072FB00117354 /* HSSObjectDefinition.h in Headers */ = {isa = PBXBuildFile; fileRef = 4E80C81113505DD300D88409 /* HSSObjectDefinition.h */; };
		4E95BF57135072FE00117354 /* HSSObjectNameConstant.h in Headers */ = {isa = PBXBuildFile; fileRef = 4E80C81313505DD300D88409 /* HSSObjectNameConstant.h */; };
		4E95BF581350730400117354 /* HSSParser.h in Headers */ = {isa = PBXBuildFile; fileRef = 4E80C81513505DD300D88409 /* HSSParser.h */; };
		4E95BF591350730700117354 /* HSSParserExceptions.h in Headers */ = {isa = PBXBuildFile; fileRef = 4E80C81713505DD300D88409 /* HSSParserExceptions.h */; };
		4E95BF5A1350730A00117354 /* HSSParserNode.h in Headers */ = {isa = PBXBuildFile; fileRef = 4E80C81913505DD300D88409 /* HSSParserNode.h */; };
		4E95BF5B1350731100117354 /* HSSParserNodes.h in Headers */ = {isa = PBXBuildFile; fileRef = 4E80C81A13505DD300D88409 /* HSSParserNodes.h */; };
		4E95BF5C1350731600117354 /* HSSPercentageConstant.h in Headers */ = {isa = PBXBuildFile; fileRef = 4E80C81C13505DD300D88409 /* HSSPercentageConstant.h */; };
		4E95BF5D1350731900117354 /* HSSPropertyDefinition.h in Headers */ = {isa = PBXBuildFile; fileRef = 4E80C81E13505DD300D88409 /* HSSPropertyDefinition.h */; };
		4E95BF5E1350731C00117354 /* HSSRule.h in Headers */ = {isa = PBXBuildFile; fileRef = 4E80C82013505DD300D88409 /* HSSRule.h */; };
		4E95BF5F1350732100117354 /* HSSSelector.h in Headers */ = {isa = PBXBuildFile; fileRef = 4E80C82213505DD300D88409 /* HSSSelector.h */; };
		4E95BF601350732600117354 /* HSSSelectorChain.h in Headers */ = {isa = PBXBuildFile; fileRef = 4E80C82413505DD300D88409 /* HSSSelectorChain.h */; };
		4E95BF611350732A00117354 /* HSSStatement.h in Headers */ = {isa = PBXBuildFile; fileRef = 4E80C82613505DD300D88409 /* HSSStatement.h */; };
		4E95BF621350732F00117354 /* HSSStringConstant.h in Headers */ = {isa = PBXBuildFile; fileRef = 4E80C82813505DD300D88409 /* HSSStringConstant.h */; };
		4E95BF631350733400117354 /* HSSUniversalSelector.h in Headers */ = {isa = PBXBuildFile; fileRef = 4E80C82A13505DD300D88409 /* HSSUniversalSelector.h */; };
		4E95BF641350733E00117354 /* HSSToken.h in Headers */ = {isa = PBXBuildFile; fileRef = 4E80C82D13505DD300D88409 /* HSSToken.h */; };
		4E95BF651350734100117354 /* HSSTokenizer.h in Headers */ = {isa = PBXBuildFile; fileRef = 4E80C82F13505DD300D88409 /* HSSTokenizer.h */; };
		4E95BF661350734400117354 /* HSSValueToken.h in Headers */ = {isa = PBXBuildFile; fileRef = 4E80C83113505DD300D88409 /* HSSValueToken.h */; };
		4E95BF671350734D00117354 /* AXRController.h in Headers */ = {isa = PBXBuildFile; fileRef = 4E80C7E013505CA200D88409 /* AXRController.h */; };
		4E95BF681350735600117354 /* xml.h in Headers */ = {isa = PBXBuildFile; fileRef = 4E80C88C1350700E00D88409 /* xml.h */; };
		4E95BF691350735900117354 /* ExpatXMLParser.h in Headers */ = {isa = PBXBuildFile; fileRef = 4E80C7D313505C7E00D88409 /* ExpatXMLParser.h */; };
		4E95BF6A1350736100117354 /* XMLParser.h in Headers */ = {isa = PBXBuildFile; fileRef = 4E80C7D513505C7E00D88409 /* XMLParser.h */; };
		4E95BF6B1350736400117354 /* XMLParserExceptions.h in Headers */ = {isa = PBXBuildFile; fileRef = 4E80C7D713505C7E00D88409 /* XMLParserExceptions.h */; };
		4E95BF6C1350737100117354 /* AXRView.h in Headers */ = {isa = PBXBuildFile; fileRef = 4E80C87613505DEA00D88409 /* AXRView.h */; };
		4E95BF6D1350737400117354 /* OSX.h in Headers */ = {isa = PBXBuildFile; fileRef = 4E80C87913505DEA00D88409 /* OSX.h */; };
		4E95BF6E135073A400117354 /* AXR.cpp in Sources */ = {isa = PBXBuildFile; fileRef = 4ED1A8981309A4F5001EAEA9 /* AXR.cpp */; };
		4E95BF6F135073A400117354 /* HSSBorder.cpp in Sources */ = {isa = PBXBuildFile; fileRef = 4E80C7EF13505DD200D88409 /* HSSBorder.cpp */; };
		4E95BF70135073A400117354 /* HSSContainer.cpp in Sources */ = {isa = PBXBuildFile; fileRef = 4E80C7F113505DD200D88409 /* HSSContainer.cpp */; };
		4E95BF71135073A400117354 /* HSSDisplayObject.cpp in Sources */ = {isa = PBXBuildFile; fileRef = 4E80C7F313505DD200D88409 /* HSSDisplayObject.cpp */; };
		4E95BF72135073A400117354 /* HSSLineBorder.cpp in Sources */ = {isa = PBXBuildFile; fileRef = 4E80C7F513505DD200D88409 /* HSSLineBorder.cpp */; };
		4E95BF73135073A400117354 /* HSSMargin.cpp in Sources */ = {isa = PBXBuildFile; fileRef = 4E80C7F713505DD200D88409 /* HSSMargin.cpp */; };
		4E95BF74135073A400117354 /* HSSMultipleValue.cpp in Sources */ = {isa = PBXBuildFile; fileRef = 4E80C7F913505DD200D88409 /* HSSMultipleValue.cpp */; };
		4E95BF75135073A400117354 /* HSSObject.cpp in Sources */ = {isa = PBXBuildFile; fileRef = 4E80C7FB13505DD200D88409 /* HSSObject.cpp */; };
		4E95BF76135073A400117354 /* HSSObjectExceptions.cpp in Sources */ = {isa = PBXBuildFile; fileRef = 4E80C7FD13505DD200D88409 /* HSSObjectExceptions.cpp */; };
		4E95BF77135073A400117354 /* HSSValue.cpp in Sources */ = {isa = PBXBuildFile; fileRef = 4E80C80013505DD200D88409 /* HSSValue.cpp */; };
		4E95BF78135073B600117354 /* HSSCombinator.cpp in Sources */ = {isa = PBXBuildFile; fileRef = 4E80C80313505DD300D88409 /* HSSCombinator.cpp */; };
		4E95BF79135073B600117354 /* HSSComment.cpp in Sources */ = {isa = PBXBuildFile; fileRef = 4E80C80513505DD300D88409 /* HSSComment.cpp */; };
		4E95BF7A135073B600117354 /* HSSExpression.cpp in Sources */ = {isa = PBXBuildFile; fileRef = 4E80C80813505DD300D88409 /* HSSExpression.cpp */; };
		4E95BF7B135073B600117354 /* HSSInstruction.cpp in Sources */ = {isa = PBXBuildFile; fileRef = 4E80C80A13505DD300D88409 /* HSSInstruction.cpp */; };
		4E95BF7C135073B600117354 /* HSSKeywordConstant.cpp in Sources */ = {isa = PBXBuildFile; fileRef = 4E80C80C13505DD300D88409 /* HSSKeywordConstant.cpp */; };
		4E95BF7D135073B600117354 /* HSSNumberConstant.cpp in Sources */ = {isa = PBXBuildFile; fileRef = 4E80C80E13505DD300D88409 /* HSSNumberConstant.cpp */; };
		4E95BF7E135073B600117354 /* HSSObjectDefinition.cpp in Sources */ = {isa = PBXBuildFile; fileRef = 4E80C81013505DD300D88409 /* HSSObjectDefinition.cpp */; };
		4E95BF7F135073B600117354 /* HSSObjectNameConstant.cpp in Sources */ = {isa = PBXBuildFile; fileRef = 4E80C81213505DD300D88409 /* HSSObjectNameConstant.cpp */; };
		4E95BF80135073B600117354 /* HSSParser.cpp in Sources */ = {isa = PBXBuildFile; fileRef = 4E80C81413505DD300D88409 /* HSSParser.cpp */; };
		4E95BF81135073B600117354 /* HSSParserExceptions.cpp in Sources */ = {isa = PBXBuildFile; fileRef = 4E80C81613505DD300D88409 /* HSSParserExceptions.cpp */; };
		4E95BF82135073B600117354 /* HSSParserNode.cpp in Sources */ = {isa = PBXBuildFile; fileRef = 4E80C81813505DD300D88409 /* HSSParserNode.cpp */; };
		4E95BF83135073B600117354 /* HSSPercentageConstant.cpp in Sources */ = {isa = PBXBuildFile; fileRef = 4E80C81B13505DD300D88409 /* HSSPercentageConstant.cpp */; };
		4E95BF84135073B600117354 /* HSSPropertyDefinition.cpp in Sources */ = {isa = PBXBuildFile; fileRef = 4E80C81D13505DD300D88409 /* HSSPropertyDefinition.cpp */; };
		4E95BF85135073B600117354 /* HSSRule.cpp in Sources */ = {isa = PBXBuildFile; fileRef = 4E80C81F13505DD300D88409 /* HSSRule.cpp */; };
		4E95BF86135073B600117354 /* HSSSelector.cpp in Sources */ = {isa = PBXBuildFile; fileRef = 4E80C82113505DD300D88409 /* HSSSelector.cpp */; };
		4E95BF87135073B600117354 /* HSSSelectorChain.cpp in Sources */ = {isa = PBXBuildFile; fileRef = 4E80C82313505DD300D88409 /* HSSSelectorChain.cpp */; };
		4E95BF88135073B600117354 /* HSSStatement.cpp in Sources */ = {isa = PBXBuildFile; fileRef = 4E80C82513505DD300D88409 /* HSSStatement.cpp */; };
		4E95BF89135073B600117354 /* HSSStringConstant.cpp in Sources */ = {isa = PBXBuildFile; fileRef = 4E80C82713505DD300D88409 /* HSSStringConstant.cpp */; };
		4E95BF8A135073B600117354 /* HSSUniversalSelector.cpp in Sources */ = {isa = PBXBuildFile; fileRef = 4E80C82913505DD300D88409 /* HSSUniversalSelector.cpp */; };
		4E95BF8B135073C600117354 /* HSSToken.cpp in Sources */ = {isa = PBXBuildFile; fileRef = 4E80C82C13505DD300D88409 /* HSSToken.cpp */; };
		4E95BF8C135073C600117354 /* HSSTokenizer.cpp in Sources */ = {isa = PBXBuildFile; fileRef = 4E80C82E13505DD300D88409 /* HSSTokenizer.cpp */; };
		4E95BF8D135073C600117354 /* HSSValueToken.cpp in Sources */ = {isa = PBXBuildFile; fileRef = 4E80C83013505DD300D88409 /* HSSValueToken.cpp */; };
		4E95BF8E135073C600117354 /* AXRController.cpp in Sources */ = {isa = PBXBuildFile; fileRef = 4E80C7DF13505CA200D88409 /* AXRController.cpp */; };
		4E95BF8F135073C600117354 /* ExpatXMLParser.cpp in Sources */ = {isa = PBXBuildFile; fileRef = 4E80C7D213505C7E00D88409 /* ExpatXMLParser.cpp */; };
		4E95BF90135073C600117354 /* XMLParser.cpp in Sources */ = {isa = PBXBuildFile; fileRef = 4E80C7D413505C7E00D88409 /* XMLParser.cpp */; };
		4E95BF91135073C600117354 /* XMLParserExceptions.cpp in Sources */ = {isa = PBXBuildFile; fileRef = 4E80C7D613505C7E00D88409 /* XMLParserExceptions.cpp */; };
		4E95BF93135073C600117354 /* OSX.mm in Sources */ = {isa = PBXBuildFile; fileRef = 4E80C87813505DEA00D88409 /* OSX.mm */; };
		4E963429135B603E00AF77AE /* AXRRender.cpp in Sources */ = {isa = PBXBuildFile; fileRef = 4E963427135B603E00AF77AE /* AXRRender.cpp */; };
		4E96342A135B603E00AF77AE /* AXRRender.h in Headers */ = {isa = PBXBuildFile; fileRef = 4E963428135B603E00AF77AE /* AXRRender.h */; };
		4E9AB08913589DA600837091 /* AXRDebugging.cpp in Sources */ = {isa = PBXBuildFile; fileRef = 4E9AB08713589DA600837091 /* AXRDebugging.cpp */; };
		4E9AB08A13589DA600837091 /* AXRDebugging.h in Headers */ = {isa = PBXBuildFile; fileRef = 4E9AB08813589DA600837091 /* AXRDebugging.h */; };
		4E9AB08C1358A08700837091 /* platform.h in Headers */ = {isa = PBXBuildFile; fileRef = 4E9AB08B1358A08700837091 /* platform.h */; };
		4EBEABF61351CE0B000D6CE7 /* AXRExceptions.cpp in Sources */ = {isa = PBXBuildFile; fileRef = 4EBEABF41351CE0B000D6CE7 /* AXRExceptions.cpp */; };
		4EBEABF71351CE0B000D6CE7 /* AXRExceptions.h in Headers */ = {isa = PBXBuildFile; fileRef = 4EBEABF51351CE0B000D6CE7 /* AXRExceptions.h */; };
		4ECB84EC1431195B00F112E0 /* HSSFont.cpp in Sources */ = {isa = PBXBuildFile; fileRef = 4ECB84EA1431195B00F112E0 /* HSSFont.cpp */; };
		4ECB84ED1431195B00F112E0 /* HSSFont.h in Headers */ = {isa = PBXBuildFile; fileRef = 4ECB84EB1431195B00F112E0 /* HSSFont.h */; };
		4EFEBB10135C7E1400352CC0 /* OSXRender.mm in Sources */ = {isa = PBXBuildFile; fileRef = 4EFEBB0E135C7E1400352CC0 /* OSXRender.mm */; };
		4EFEBB11135C7E1400352CC0 /* OSXRender.h in Headers */ = {isa = PBXBuildFile; fileRef = 4EFEBB0F135C7E1400352CC0 /* OSXRender.h */; };
/* End PBXBuildFile section */

/* Begin PBXFileReference section */
		4E07C4661434DD3300B1B7CA /* HSSFunctionCall.cpp */ = {isa = PBXFileReference; fileEncoding = 4; lastKnownFileType = sourcecode.cpp.cpp; path = HSSFunctionCall.cpp; sourceTree = "<group>"; };
		4E07C4671434DD3300B1B7CA /* HSSFunctionCall.h */ = {isa = PBXFileReference; fileEncoding = 4; lastKnownFileType = sourcecode.c.h; path = HSSFunctionCall.h; sourceTree = "<group>"; };
		4E07C46A1434F22900B1B7CA /* HSSFunctions.h */ = {isa = PBXFileReference; fileEncoding = 4; lastKnownFileType = sourcecode.c.h; path = HSSFunctions.h; sourceTree = "<group>"; };
		4E07C46C1434F2CE00B1B7CA /* HSSRefFunction.cpp */ = {isa = PBXFileReference; fileEncoding = 4; lastKnownFileType = sourcecode.cpp.cpp; path = HSSRefFunction.cpp; sourceTree = "<group>"; };
		4E07C46D1434F2CE00B1B7CA /* HSSRefFunction.h */ = {isa = PBXFileReference; fileEncoding = 4; lastKnownFileType = sourcecode.c.h; path = HSSRefFunction.h; sourceTree = "<group>"; };
		4E12B9141365B8D700BBAD6C /* HSSSubtraction.cpp */ = {isa = PBXFileReference; fileEncoding = 4; lastKnownFileType = sourcecode.cpp.cpp; path = HSSSubtraction.cpp; sourceTree = "<group>"; };
		4E12B9151365B8D700BBAD6C /* HSSSubtraction.h */ = {isa = PBXFileReference; fileEncoding = 4; lastKnownFileType = sourcecode.c.h; path = HSSSubtraction.h; sourceTree = "<group>"; };
		4E12B9181365B95200BBAD6C /* HSSMultiplication.cpp */ = {isa = PBXFileReference; fileEncoding = 4; lastKnownFileType = sourcecode.cpp.cpp; path = HSSMultiplication.cpp; sourceTree = "<group>"; };
		4E12B9191365B95200BBAD6C /* HSSMultiplication.h */ = {isa = PBXFileReference; fileEncoding = 4; lastKnownFileType = sourcecode.c.h; path = HSSMultiplication.h; sourceTree = "<group>"; };
		4E12B91C1365BB0200BBAD6C /* HSSDivision.cpp */ = {isa = PBXFileReference; fileEncoding = 4; lastKnownFileType = sourcecode.cpp.cpp; path = HSSDivision.cpp; sourceTree = "<group>"; };
		4E12B91D1365BB0200BBAD6C /* HSSDivision.h */ = {isa = PBXFileReference; fileEncoding = 4; lastKnownFileType = sourcecode.c.h; path = HSSDivision.h; sourceTree = "<group>"; };
		4E12B9201365BEA600BBAD6C /* HSSObservable.cpp */ = {isa = PBXFileReference; fileEncoding = 4; lastKnownFileType = sourcecode.cpp.cpp; path = HSSObservable.cpp; sourceTree = "<group>"; };
		4E12B9211365BEA600BBAD6C /* HSSObservable.h */ = {isa = PBXFileReference; fileEncoding = 4; lastKnownFileType = sourcecode.c.h; path = HSSObservable.h; sourceTree = "<group>"; };
		4E1BE17E13A3F5F300D7C6DB /* HSSRgba.cpp */ = {isa = PBXFileReference; fileEncoding = 4; lastKnownFileType = sourcecode.cpp.cpp; path = HSSRgba.cpp; sourceTree = "<group>"; };
		4E1BE17F13A3F5F300D7C6DB /* HSSRgba.h */ = {isa = PBXFileReference; fileEncoding = 4; lastKnownFileType = sourcecode.c.h; path = HSSRgba.h; sourceTree = "<group>"; };
		4E5457AA136443E900D67571 /* HSSObservableProperties.h */ = {isa = PBXFileReference; fileEncoding = 4; lastKnownFileType = sourcecode.c.h; path = HSSObservableProperties.h; sourceTree = "<group>"; };
		4E5457AE1364523D00D67571 /* HSSCallback.cpp */ = {isa = PBXFileReference; fileEncoding = 4; lastKnownFileType = sourcecode.cpp.cpp; path = HSSCallback.cpp; sourceTree = "<group>"; };
		4E5457AF1364523D00D67571 /* HSSCallback.h */ = {isa = PBXFileReference; fileEncoding = 4; lastKnownFileType = sourcecode.c.h; path = HSSCallback.h; sourceTree = "<group>"; };
		4E5457B21364B37A00D67571 /* HSSSum.cpp */ = {isa = PBXFileReference; fileEncoding = 4; lastKnownFileType = sourcecode.cpp.cpp; path = HSSSum.cpp; sourceTree = "<group>"; };
		4E5457B31364B37B00D67571 /* HSSSum.h */ = {isa = PBXFileReference; fileEncoding = 4; lastKnownFileType = sourcecode.c.h; path = HSSSum.h; sourceTree = "<group>"; };
		4E5457B61364B56400D67571 /* HSSExpressions.h */ = {isa = PBXFileReference; fileEncoding = 4; lastKnownFileType = sourcecode.c.h; path = HSSExpressions.h; sourceTree = "<group>"; };
		4E58ED7C1433AA7E004FD8DC /* HSSFunction.cpp */ = {isa = PBXFileReference; fileEncoding = 4; lastKnownFileType = sourcecode.cpp.cpp; path = HSSFunction.cpp; sourceTree = "<group>"; };
		4E58ED7D1433AA7E004FD8DC /* HSSFunction.h */ = {isa = PBXFileReference; fileEncoding = 4; lastKnownFileType = sourcecode.c.h; path = HSSFunction.h; sourceTree = "<group>"; };
		4E80C7D213505C7E00D88409 /* ExpatXMLParser.cpp */ = {isa = PBXFileReference; fileEncoding = 4; lastKnownFileType = sourcecode.cpp.cpp; path = ExpatXMLParser.cpp; sourceTree = "<group>"; };
		4E80C7D313505C7E00D88409 /* ExpatXMLParser.h */ = {isa = PBXFileReference; fileEncoding = 4; lastKnownFileType = sourcecode.c.h; path = ExpatXMLParser.h; sourceTree = "<group>"; };
		4E80C7D413505C7E00D88409 /* XMLParser.cpp */ = {isa = PBXFileReference; fileEncoding = 4; lastKnownFileType = sourcecode.cpp.cpp; lineEnding = 0; path = XMLParser.cpp; sourceTree = "<group>"; xcLanguageSpecificationIdentifier = xcode.lang.cpp; };
		4E80C7D513505C7E00D88409 /* XMLParser.h */ = {isa = PBXFileReference; fileEncoding = 4; lastKnownFileType = sourcecode.c.h; lineEnding = 0; path = XMLParser.h; sourceTree = "<group>"; xcLanguageSpecificationIdentifier = xcode.lang.objcpp; };
		4E80C7D613505C7E00D88409 /* XMLParserExceptions.cpp */ = {isa = PBXFileReference; fileEncoding = 4; lastKnownFileType = sourcecode.cpp.cpp; lineEnding = 0; path = XMLParserExceptions.cpp; sourceTree = "<group>"; xcLanguageSpecificationIdentifier = xcode.lang.cpp; };
		4E80C7D713505C7E00D88409 /* XMLParserExceptions.h */ = {isa = PBXFileReference; fileEncoding = 4; lastKnownFileType = sourcecode.c.h; lineEnding = 0; path = XMLParserExceptions.h; sourceTree = "<group>"; xcLanguageSpecificationIdentifier = xcode.lang.objcpp; };
		4E80C7DF13505CA200D88409 /* AXRController.cpp */ = {isa = PBXFileReference; fileEncoding = 4; lastKnownFileType = sourcecode.cpp.cpp; lineEnding = 0; path = AXRController.cpp; sourceTree = "<group>"; xcLanguageSpecificationIdentifier = xcode.lang.cpp; };
		4E80C7E013505CA200D88409 /* AXRController.h */ = {isa = PBXFileReference; fileEncoding = 4; lastKnownFileType = sourcecode.c.h; lineEnding = 0; path = AXRController.h; sourceTree = "<group>"; xcLanguageSpecificationIdentifier = xcode.lang.objcpp; };
		4E80C7ED13505DD200D88409 /* hss.h */ = {isa = PBXFileReference; fileEncoding = 4; lastKnownFileType = sourcecode.c.h; lineEnding = 0; path = hss.h; sourceTree = "<group>"; xcLanguageSpecificationIdentifier = xcode.lang.objcpp; };
		4E80C7EF13505DD200D88409 /* HSSBorder.cpp */ = {isa = PBXFileReference; fileEncoding = 4; lastKnownFileType = sourcecode.cpp.cpp; lineEnding = 0; path = HSSBorder.cpp; sourceTree = "<group>"; xcLanguageSpecificationIdentifier = xcode.lang.cpp; };
		4E80C7F013505DD200D88409 /* HSSBorder.h */ = {isa = PBXFileReference; fileEncoding = 4; lastKnownFileType = sourcecode.c.h; lineEnding = 0; path = HSSBorder.h; sourceTree = "<group>"; xcLanguageSpecificationIdentifier = xcode.lang.objcpp; };
		4E80C7F113505DD200D88409 /* HSSContainer.cpp */ = {isa = PBXFileReference; fileEncoding = 4; lastKnownFileType = sourcecode.cpp.cpp; lineEnding = 0; path = HSSContainer.cpp; sourceTree = "<group>"; xcLanguageSpecificationIdentifier = xcode.lang.cpp; };
		4E80C7F213505DD200D88409 /* HSSContainer.h */ = {isa = PBXFileReference; fileEncoding = 4; lastKnownFileType = sourcecode.c.h; lineEnding = 0; path = HSSContainer.h; sourceTree = "<group>"; xcLanguageSpecificationIdentifier = xcode.lang.objcpp; };
		4E80C7F313505DD200D88409 /* HSSDisplayObject.cpp */ = {isa = PBXFileReference; fileEncoding = 4; lastKnownFileType = sourcecode.cpp.cpp; lineEnding = 0; path = HSSDisplayObject.cpp; sourceTree = "<group>"; xcLanguageSpecificationIdentifier = xcode.lang.cpp; };
		4E80C7F413505DD200D88409 /* HSSDisplayObject.h */ = {isa = PBXFileReference; fileEncoding = 4; lastKnownFileType = sourcecode.c.h; lineEnding = 0; path = HSSDisplayObject.h; sourceTree = "<group>"; xcLanguageSpecificationIdentifier = xcode.lang.objcpp; };
		4E80C7F513505DD200D88409 /* HSSLineBorder.cpp */ = {isa = PBXFileReference; fileEncoding = 4; lastKnownFileType = sourcecode.cpp.cpp; lineEnding = 0; path = HSSLineBorder.cpp; sourceTree = "<group>"; xcLanguageSpecificationIdentifier = xcode.lang.cpp; };
		4E80C7F613505DD200D88409 /* HSSLineBorder.h */ = {isa = PBXFileReference; fileEncoding = 4; lastKnownFileType = sourcecode.c.h; lineEnding = 0; path = HSSLineBorder.h; sourceTree = "<group>"; xcLanguageSpecificationIdentifier = xcode.lang.objcpp; };
		4E80C7F713505DD200D88409 /* HSSMargin.cpp */ = {isa = PBXFileReference; fileEncoding = 4; lastKnownFileType = sourcecode.cpp.cpp; lineEnding = 0; path = HSSMargin.cpp; sourceTree = "<group>"; xcLanguageSpecificationIdentifier = xcode.lang.cpp; };
		4E80C7F813505DD200D88409 /* HSSMargin.h */ = {isa = PBXFileReference; fileEncoding = 4; lastKnownFileType = sourcecode.c.h; lineEnding = 0; path = HSSMargin.h; sourceTree = "<group>"; xcLanguageSpecificationIdentifier = xcode.lang.objcpp; };
		4E80C7F913505DD200D88409 /* HSSMultipleValue.cpp */ = {isa = PBXFileReference; fileEncoding = 4; lastKnownFileType = sourcecode.cpp.cpp; lineEnding = 0; path = HSSMultipleValue.cpp; sourceTree = "<group>"; xcLanguageSpecificationIdentifier = xcode.lang.cpp; };
		4E80C7FA13505DD200D88409 /* HSSMultipleValue.h */ = {isa = PBXFileReference; fileEncoding = 4; lastKnownFileType = sourcecode.c.h; lineEnding = 0; path = HSSMultipleValue.h; sourceTree = "<group>"; xcLanguageSpecificationIdentifier = xcode.lang.objcpp; };
		4E80C7FB13505DD200D88409 /* HSSObject.cpp */ = {isa = PBXFileReference; fileEncoding = 4; lastKnownFileType = sourcecode.cpp.cpp; lineEnding = 0; path = HSSObject.cpp; sourceTree = "<group>"; xcLanguageSpecificationIdentifier = xcode.lang.cpp; };
		4E80C7FC13505DD200D88409 /* HSSObject.h */ = {isa = PBXFileReference; fileEncoding = 4; lastKnownFileType = sourcecode.c.h; lineEnding = 0; path = HSSObject.h; sourceTree = "<group>"; xcLanguageSpecificationIdentifier = xcode.lang.objcpp; };
		4E80C7FD13505DD200D88409 /* HSSObjectExceptions.cpp */ = {isa = PBXFileReference; fileEncoding = 4; lastKnownFileType = sourcecode.cpp.cpp; lineEnding = 0; path = HSSObjectExceptions.cpp; sourceTree = "<group>"; xcLanguageSpecificationIdentifier = xcode.lang.cpp; };
		4E80C7FE13505DD200D88409 /* HSSObjectExceptions.h */ = {isa = PBXFileReference; fileEncoding = 4; lastKnownFileType = sourcecode.c.h; lineEnding = 0; path = HSSObjectExceptions.h; sourceTree = "<group>"; xcLanguageSpecificationIdentifier = xcode.lang.objcpp; };
		4E80C7FF13505DD200D88409 /* HSSObjects.h */ = {isa = PBXFileReference; fileEncoding = 4; lastKnownFileType = sourcecode.c.h; lineEnding = 0; path = HSSObjects.h; sourceTree = "<group>"; xcLanguageSpecificationIdentifier = xcode.lang.objcpp; };
		4E80C80013505DD200D88409 /* HSSValue.cpp */ = {isa = PBXFileReference; fileEncoding = 4; lastKnownFileType = sourcecode.cpp.cpp; lineEnding = 0; path = HSSValue.cpp; sourceTree = "<group>"; xcLanguageSpecificationIdentifier = xcode.lang.cpp; };
		4E80C80113505DD200D88409 /* HSSValue.h */ = {isa = PBXFileReference; fileEncoding = 4; lastKnownFileType = sourcecode.c.h; lineEnding = 0; path = HSSValue.h; sourceTree = "<group>"; xcLanguageSpecificationIdentifier = xcode.lang.objcpp; };
		4E80C80313505DD300D88409 /* HSSCombinator.cpp */ = {isa = PBXFileReference; fileEncoding = 4; lastKnownFileType = sourcecode.cpp.cpp; lineEnding = 0; path = HSSCombinator.cpp; sourceTree = "<group>"; xcLanguageSpecificationIdentifier = xcode.lang.cpp; };
		4E80C80413505DD300D88409 /* HSSCombinator.h */ = {isa = PBXFileReference; fileEncoding = 4; lastKnownFileType = sourcecode.c.h; lineEnding = 0; path = HSSCombinator.h; sourceTree = "<group>"; xcLanguageSpecificationIdentifier = xcode.lang.objcpp; };
		4E80C80513505DD300D88409 /* HSSComment.cpp */ = {isa = PBXFileReference; fileEncoding = 4; lastKnownFileType = sourcecode.cpp.cpp; lineEnding = 0; path = HSSComment.cpp; sourceTree = "<group>"; xcLanguageSpecificationIdentifier = xcode.lang.cpp; };
		4E80C80613505DD300D88409 /* HSSComment.h */ = {isa = PBXFileReference; fileEncoding = 4; lastKnownFileType = sourcecode.c.h; lineEnding = 0; path = HSSComment.h; sourceTree = "<group>"; xcLanguageSpecificationIdentifier = xcode.lang.objcpp; };
		4E80C80713505DD300D88409 /* HSSConstants.h */ = {isa = PBXFileReference; fileEncoding = 4; lastKnownFileType = sourcecode.c.h; lineEnding = 0; path = HSSConstants.h; sourceTree = "<group>"; xcLanguageSpecificationIdentifier = xcode.lang.objcpp; };
		4E80C80813505DD300D88409 /* HSSExpression.cpp */ = {isa = PBXFileReference; fileEncoding = 4; lastKnownFileType = sourcecode.cpp.cpp; lineEnding = 0; path = HSSExpression.cpp; sourceTree = "<group>"; xcLanguageSpecificationIdentifier = xcode.lang.cpp; };
		4E80C80913505DD300D88409 /* HSSExpression.h */ = {isa = PBXFileReference; fileEncoding = 4; lastKnownFileType = sourcecode.c.h; lineEnding = 0; path = HSSExpression.h; sourceTree = "<group>"; xcLanguageSpecificationIdentifier = xcode.lang.objcpp; };
		4E80C80A13505DD300D88409 /* HSSInstruction.cpp */ = {isa = PBXFileReference; fileEncoding = 4; lastKnownFileType = sourcecode.cpp.cpp; lineEnding = 0; path = HSSInstruction.cpp; sourceTree = "<group>"; xcLanguageSpecificationIdentifier = xcode.lang.cpp; };
		4E80C80B13505DD300D88409 /* HSSInstruction.h */ = {isa = PBXFileReference; fileEncoding = 4; lastKnownFileType = sourcecode.c.h; lineEnding = 0; path = HSSInstruction.h; sourceTree = "<group>"; xcLanguageSpecificationIdentifier = xcode.lang.objcpp; };
		4E80C80C13505DD300D88409 /* HSSKeywordConstant.cpp */ = {isa = PBXFileReference; fileEncoding = 4; lastKnownFileType = sourcecode.cpp.cpp; lineEnding = 0; path = HSSKeywordConstant.cpp; sourceTree = "<group>"; xcLanguageSpecificationIdentifier = xcode.lang.cpp; };
		4E80C80D13505DD300D88409 /* HSSKeywordConstant.h */ = {isa = PBXFileReference; fileEncoding = 4; lastKnownFileType = sourcecode.c.h; lineEnding = 0; path = HSSKeywordConstant.h; sourceTree = "<group>"; xcLanguageSpecificationIdentifier = xcode.lang.objcpp; };
		4E80C80E13505DD300D88409 /* HSSNumberConstant.cpp */ = {isa = PBXFileReference; fileEncoding = 4; lastKnownFileType = sourcecode.cpp.cpp; lineEnding = 0; path = HSSNumberConstant.cpp; sourceTree = "<group>"; xcLanguageSpecificationIdentifier = xcode.lang.cpp; };
		4E80C80F13505DD300D88409 /* HSSNumberConstant.h */ = {isa = PBXFileReference; fileEncoding = 4; lastKnownFileType = sourcecode.c.h; lineEnding = 0; path = HSSNumberConstant.h; sourceTree = "<group>"; xcLanguageSpecificationIdentifier = xcode.lang.objcpp; };
		4E80C81013505DD300D88409 /* HSSObjectDefinition.cpp */ = {isa = PBXFileReference; fileEncoding = 4; lastKnownFileType = sourcecode.cpp.cpp; lineEnding = 0; path = HSSObjectDefinition.cpp; sourceTree = "<group>"; xcLanguageSpecificationIdentifier = xcode.lang.cpp; };
		4E80C81113505DD300D88409 /* HSSObjectDefinition.h */ = {isa = PBXFileReference; fileEncoding = 4; lastKnownFileType = sourcecode.c.h; lineEnding = 0; path = HSSObjectDefinition.h; sourceTree = "<group>"; xcLanguageSpecificationIdentifier = xcode.lang.objcpp; };
		4E80C81213505DD300D88409 /* HSSObjectNameConstant.cpp */ = {isa = PBXFileReference; fileEncoding = 4; lastKnownFileType = sourcecode.cpp.cpp; lineEnding = 0; path = HSSObjectNameConstant.cpp; sourceTree = "<group>"; xcLanguageSpecificationIdentifier = xcode.lang.cpp; };
		4E80C81313505DD300D88409 /* HSSObjectNameConstant.h */ = {isa = PBXFileReference; fileEncoding = 4; lastKnownFileType = sourcecode.c.h; lineEnding = 0; path = HSSObjectNameConstant.h; sourceTree = "<group>"; xcLanguageSpecificationIdentifier = xcode.lang.objcpp; };
		4E80C81413505DD300D88409 /* HSSParser.cpp */ = {isa = PBXFileReference; fileEncoding = 4; lastKnownFileType = sourcecode.cpp.cpp; lineEnding = 0; path = HSSParser.cpp; sourceTree = "<group>"; xcLanguageSpecificationIdentifier = xcode.lang.cpp; };
		4E80C81513505DD300D88409 /* HSSParser.h */ = {isa = PBXFileReference; fileEncoding = 4; lastKnownFileType = sourcecode.c.h; lineEnding = 0; path = HSSParser.h; sourceTree = "<group>"; xcLanguageSpecificationIdentifier = xcode.lang.objcpp; };
		4E80C81613505DD300D88409 /* HSSParserExceptions.cpp */ = {isa = PBXFileReference; fileEncoding = 4; lastKnownFileType = sourcecode.cpp.cpp; lineEnding = 0; path = HSSParserExceptions.cpp; sourceTree = "<group>"; xcLanguageSpecificationIdentifier = xcode.lang.cpp; };
		4E80C81713505DD300D88409 /* HSSParserExceptions.h */ = {isa = PBXFileReference; fileEncoding = 4; lastKnownFileType = sourcecode.c.h; lineEnding = 0; path = HSSParserExceptions.h; sourceTree = "<group>"; xcLanguageSpecificationIdentifier = xcode.lang.objcpp; };
		4E80C81813505DD300D88409 /* HSSParserNode.cpp */ = {isa = PBXFileReference; fileEncoding = 4; lastKnownFileType = sourcecode.cpp.cpp; lineEnding = 0; path = HSSParserNode.cpp; sourceTree = "<group>"; xcLanguageSpecificationIdentifier = xcode.lang.cpp; };
		4E80C81913505DD300D88409 /* HSSParserNode.h */ = {isa = PBXFileReference; fileEncoding = 4; lastKnownFileType = sourcecode.c.h; lineEnding = 0; path = HSSParserNode.h; sourceTree = "<group>"; xcLanguageSpecificationIdentifier = xcode.lang.objcpp; };
		4E80C81A13505DD300D88409 /* HSSParserNodes.h */ = {isa = PBXFileReference; fileEncoding = 4; lastKnownFileType = sourcecode.c.h; lineEnding = 0; path = HSSParserNodes.h; sourceTree = "<group>"; xcLanguageSpecificationIdentifier = xcode.lang.objcpp; };
		4E80C81B13505DD300D88409 /* HSSPercentageConstant.cpp */ = {isa = PBXFileReference; fileEncoding = 4; lastKnownFileType = sourcecode.cpp.cpp; lineEnding = 0; path = HSSPercentageConstant.cpp; sourceTree = "<group>"; xcLanguageSpecificationIdentifier = xcode.lang.cpp; };
		4E80C81C13505DD300D88409 /* HSSPercentageConstant.h */ = {isa = PBXFileReference; fileEncoding = 4; lastKnownFileType = sourcecode.c.h; lineEnding = 0; path = HSSPercentageConstant.h; sourceTree = "<group>"; xcLanguageSpecificationIdentifier = xcode.lang.objcpp; };
		4E80C81D13505DD300D88409 /* HSSPropertyDefinition.cpp */ = {isa = PBXFileReference; fileEncoding = 4; lastKnownFileType = sourcecode.cpp.cpp; lineEnding = 0; path = HSSPropertyDefinition.cpp; sourceTree = "<group>"; xcLanguageSpecificationIdentifier = xcode.lang.cpp; };
		4E80C81E13505DD300D88409 /* HSSPropertyDefinition.h */ = {isa = PBXFileReference; fileEncoding = 4; lastKnownFileType = sourcecode.c.h; lineEnding = 0; path = HSSPropertyDefinition.h; sourceTree = "<group>"; xcLanguageSpecificationIdentifier = xcode.lang.objcpp; };
		4E80C81F13505DD300D88409 /* HSSRule.cpp */ = {isa = PBXFileReference; fileEncoding = 4; lastKnownFileType = sourcecode.cpp.cpp; lineEnding = 0; path = HSSRule.cpp; sourceTree = "<group>"; xcLanguageSpecificationIdentifier = xcode.lang.cpp; };
		4E80C82013505DD300D88409 /* HSSRule.h */ = {isa = PBXFileReference; fileEncoding = 4; lastKnownFileType = sourcecode.c.h; lineEnding = 0; path = HSSRule.h; sourceTree = "<group>"; xcLanguageSpecificationIdentifier = xcode.lang.objcpp; };
		4E80C82113505DD300D88409 /* HSSSelector.cpp */ = {isa = PBXFileReference; fileEncoding = 4; lastKnownFileType = sourcecode.cpp.cpp; lineEnding = 0; path = HSSSelector.cpp; sourceTree = "<group>"; xcLanguageSpecificationIdentifier = xcode.lang.cpp; };
		4E80C82213505DD300D88409 /* HSSSelector.h */ = {isa = PBXFileReference; fileEncoding = 4; lastKnownFileType = sourcecode.c.h; lineEnding = 0; path = HSSSelector.h; sourceTree = "<group>"; xcLanguageSpecificationIdentifier = xcode.lang.objcpp; };
		4E80C82313505DD300D88409 /* HSSSelectorChain.cpp */ = {isa = PBXFileReference; fileEncoding = 4; lastKnownFileType = sourcecode.cpp.cpp; lineEnding = 0; path = HSSSelectorChain.cpp; sourceTree = "<group>"; xcLanguageSpecificationIdentifier = xcode.lang.cpp; };
		4E80C82413505DD300D88409 /* HSSSelectorChain.h */ = {isa = PBXFileReference; fileEncoding = 4; lastKnownFileType = sourcecode.c.h; lineEnding = 0; path = HSSSelectorChain.h; sourceTree = "<group>"; xcLanguageSpecificationIdentifier = xcode.lang.objcpp; };
		4E80C82513505DD300D88409 /* HSSStatement.cpp */ = {isa = PBXFileReference; fileEncoding = 4; lastKnownFileType = sourcecode.cpp.cpp; lineEnding = 0; path = HSSStatement.cpp; sourceTree = "<group>"; xcLanguageSpecificationIdentifier = xcode.lang.cpp; };
		4E80C82613505DD300D88409 /* HSSStatement.h */ = {isa = PBXFileReference; fileEncoding = 4; lastKnownFileType = sourcecode.c.h; lineEnding = 0; path = HSSStatement.h; sourceTree = "<group>"; xcLanguageSpecificationIdentifier = xcode.lang.objcpp; };
		4E80C82713505DD300D88409 /* HSSStringConstant.cpp */ = {isa = PBXFileReference; fileEncoding = 4; lastKnownFileType = sourcecode.cpp.cpp; lineEnding = 0; path = HSSStringConstant.cpp; sourceTree = "<group>"; xcLanguageSpecificationIdentifier = xcode.lang.cpp; };
		4E80C82813505DD300D88409 /* HSSStringConstant.h */ = {isa = PBXFileReference; fileEncoding = 4; lastKnownFileType = sourcecode.c.h; lineEnding = 0; path = HSSStringConstant.h; sourceTree = "<group>"; xcLanguageSpecificationIdentifier = xcode.lang.objcpp; };
		4E80C82913505DD300D88409 /* HSSUniversalSelector.cpp */ = {isa = PBXFileReference; fileEncoding = 4; lastKnownFileType = sourcecode.cpp.cpp; lineEnding = 0; path = HSSUniversalSelector.cpp; sourceTree = "<group>"; xcLanguageSpecificationIdentifier = xcode.lang.cpp; };
		4E80C82A13505DD300D88409 /* HSSUniversalSelector.h */ = {isa = PBXFileReference; fileEncoding = 4; lastKnownFileType = sourcecode.c.h; lineEnding = 0; path = HSSUniversalSelector.h; sourceTree = "<group>"; xcLanguageSpecificationIdentifier = xcode.lang.objcpp; };
		4E80C82C13505DD300D88409 /* HSSToken.cpp */ = {isa = PBXFileReference; fileEncoding = 4; lastKnownFileType = sourcecode.cpp.cpp; lineEnding = 0; path = HSSToken.cpp; sourceTree = "<group>"; xcLanguageSpecificationIdentifier = xcode.lang.cpp; };
		4E80C82D13505DD300D88409 /* HSSToken.h */ = {isa = PBXFileReference; fileEncoding = 4; lastKnownFileType = sourcecode.c.h; lineEnding = 0; path = HSSToken.h; sourceTree = "<group>"; xcLanguageSpecificationIdentifier = xcode.lang.objcpp; };
		4E80C82E13505DD300D88409 /* HSSTokenizer.cpp */ = {isa = PBXFileReference; fileEncoding = 4; lastKnownFileType = sourcecode.cpp.cpp; lineEnding = 0; path = HSSTokenizer.cpp; sourceTree = "<group>"; xcLanguageSpecificationIdentifier = xcode.lang.cpp; };
		4E80C82F13505DD300D88409 /* HSSTokenizer.h */ = {isa = PBXFileReference; fileEncoding = 4; lastKnownFileType = sourcecode.c.h; path = HSSTokenizer.h; sourceTree = "<group>"; };
		4E80C83013505DD300D88409 /* HSSValueToken.cpp */ = {isa = PBXFileReference; fileEncoding = 4; lastKnownFileType = sourcecode.cpp.cpp; lineEnding = 0; path = HSSValueToken.cpp; sourceTree = "<group>"; xcLanguageSpecificationIdentifier = xcode.lang.cpp; };
		4E80C83113505DD300D88409 /* HSSValueToken.h */ = {isa = PBXFileReference; fileEncoding = 4; lastKnownFileType = sourcecode.c.h; lineEnding = 0; path = HSSValueToken.h; sourceTree = "<group>"; xcLanguageSpecificationIdentifier = xcode.lang.objcpp; };
		4E80C87613505DEA00D88409 /* AXRView.h */ = {isa = PBXFileReference; fileEncoding = 4; lastKnownFileType = sourcecode.c.h; lineEnding = 0; path = AXRView.h; sourceTree = "<group>"; xcLanguageSpecificationIdentifier = xcode.lang.objcpp; };
		4E80C87713505DEA00D88409 /* AXRView.mm */ = {isa = PBXFileReference; fileEncoding = 4; lastKnownFileType = sourcecode.cpp.objcpp; lineEnding = 0; path = AXRView.mm; sourceTree = "<group>"; xcLanguageSpecificationIdentifier = xcode.lang.objcpp; };
		4E80C87813505DEA00D88409 /* OSX.mm */ = {isa = PBXFileReference; fileEncoding = 4; lastKnownFileType = sourcecode.cpp.objcpp; lineEnding = 0; path = OSX.mm; sourceTree = "<group>"; xcLanguageSpecificationIdentifier = xcode.lang.objcpp; };
		4E80C87913505DEA00D88409 /* OSX.h */ = {isa = PBXFileReference; fileEncoding = 4; lastKnownFileType = sourcecode.c.h; lineEnding = 0; path = OSX.h; sourceTree = "<group>"; xcLanguageSpecificationIdentifier = xcode.lang.objcpp; };
		4E80C88C1350700E00D88409 /* xml.h */ = {isa = PBXFileReference; fileEncoding = 4; lastKnownFileType = sourcecode.c.h; lineEnding = 0; path = xml.h; sourceTree = "<group>"; xcLanguageSpecificationIdentifier = xcode.lang.objcpp; };
		4E963427135B603E00AF77AE /* AXRRender.cpp */ = {isa = PBXFileReference; fileEncoding = 4; lastKnownFileType = sourcecode.cpp.cpp; path = AXRRender.cpp; sourceTree = "<group>"; };
		4E963428135B603E00AF77AE /* AXRRender.h */ = {isa = PBXFileReference; fileEncoding = 4; lastKnownFileType = sourcecode.c.h; path = AXRRender.h; sourceTree = "<group>"; };
		4E9AB08713589DA600837091 /* AXRDebugging.cpp */ = {isa = PBXFileReference; fileEncoding = 4; lastKnownFileType = sourcecode.cpp.cpp; path = AXRDebugging.cpp; sourceTree = "<group>"; };
		4E9AB08813589DA600837091 /* AXRDebugging.h */ = {isa = PBXFileReference; fileEncoding = 4; lastKnownFileType = sourcecode.c.h; path = AXRDebugging.h; sourceTree = "<group>"; };
		4E9AB08B1358A08700837091 /* platform.h */ = {isa = PBXFileReference; fileEncoding = 4; lastKnownFileType = sourcecode.c.h; path = platform.h; sourceTree = "<group>"; };
		4EBEABF41351CE0B000D6CE7 /* AXRExceptions.cpp */ = {isa = PBXFileReference; fileEncoding = 4; lastKnownFileType = sourcecode.cpp.cpp; lineEnding = 0; path = AXRExceptions.cpp; sourceTree = "<group>"; xcLanguageSpecificationIdentifier = xcode.lang.cpp; };
		4EBEABF51351CE0B000D6CE7 /* AXRExceptions.h */ = {isa = PBXFileReference; fileEncoding = 4; lastKnownFileType = sourcecode.c.h; lineEnding = 0; path = AXRExceptions.h; sourceTree = "<group>"; xcLanguageSpecificationIdentifier = xcode.lang.objcpp; };
		4ECB84EA1431195B00F112E0 /* HSSFont.cpp */ = {isa = PBXFileReference; fileEncoding = 4; lastKnownFileType = sourcecode.cpp.cpp; path = HSSFont.cpp; sourceTree = "<group>"; };
		4ECB84EB1431195B00F112E0 /* HSSFont.h */ = {isa = PBXFileReference; fileEncoding = 4; lastKnownFileType = sourcecode.c.h; path = HSSFont.h; sourceTree = "<group>"; };
		4ED1A8981309A4F5001EAEA9 /* AXR.cpp */ = {isa = PBXFileReference; fileEncoding = 4; lastKnownFileType = sourcecode.cpp.cpp; lineEnding = 0; name = AXR.cpp; path = ../core/AXR.cpp; sourceTree = "<group>"; xcLanguageSpecificationIdentifier = xcode.lang.cpp; };
		4ED1A8991309A4F5001EAEA9 /* AXR.h */ = {isa = PBXFileReference; fileEncoding = 4; lastKnownFileType = sourcecode.c.h; lineEnding = 0; name = AXR.h; path = ../core/AXR.h; sourceTree = "<group>"; xcLanguageSpecificationIdentifier = xcode.lang.objcpp; };
		4EFEBB0E135C7E1400352CC0 /* OSXRender.mm */ = {isa = PBXFileReference; fileEncoding = 4; lastKnownFileType = sourcecode.cpp.objcpp; path = OSXRender.mm; sourceTree = "<group>"; };
		4EFEBB0F135C7E1400352CC0 /* OSXRender.h */ = {isa = PBXFileReference; fileEncoding = 4; lastKnownFileType = sourcecode.c.h; path = OSXRender.h; sourceTree = "<group>"; };
		D2AAC046055464E500DB518D /* libcore.a */ = {isa = PBXFileReference; explicitFileType = archive.ar; includeInIndex = 0; path = libcore.a; sourceTree = BUILT_PRODUCTS_DIR; };
/* End PBXFileReference section */

/* Begin PBXFrameworksBuildPhase section */
		D289987405E68DCB004EDB86 /* Frameworks */ = {
			isa = PBXFrameworksBuildPhase;
			buildActionMask = 2147483647;
			files = (
			);
			runOnlyForDeploymentPostprocessing = 0;
		};
/* End PBXFrameworksBuildPhase section */

/* Begin PBXGroup section */
		08FB7794FE84155DC02AAC07 /* core */ = {
			isa = PBXGroup;
			children = (
				08FB7795FE84155DC02AAC07 /* Source */,
				C6A0FF2B0290797F04C91782 /* Documentation */,
				1AB674ADFE9D54B511CA2CBB /* Products */,
			);
			name = core;
			sourceTree = "<group>";
		};
		08FB7795FE84155DC02AAC07 /* Source */ = {
			isa = PBXGroup;
			children = (
				4E83668C134E23AF007A31BF /* core */,
			);
			name = Source;
			sourceTree = "<group>";
		};
		1AB674ADFE9D54B511CA2CBB /* Products */ = {
			isa = PBXGroup;
			children = (
				D2AAC046055464E500DB518D /* libcore.a */,
			);
			name = Products;
			sourceTree = "<group>";
		};
		4E80C7D113505C7E00D88409 /* xml */ = {
			isa = PBXGroup;
			children = (
				4E80C88C1350700E00D88409 /* xml.h */,
				4E80C7D213505C7E00D88409 /* ExpatXMLParser.cpp */,
				4E80C7D313505C7E00D88409 /* ExpatXMLParser.h */,
				4E80C7D413505C7E00D88409 /* XMLParser.cpp */,
				4E80C7D513505C7E00D88409 /* XMLParser.h */,
				4E80C7D613505C7E00D88409 /* XMLParserExceptions.cpp */,
				4E80C7D713505C7E00D88409 /* XMLParserExceptions.h */,
			);
			path = xml;
			sourceTree = SOURCE_ROOT;
		};
		4E80C7DE13505CA200D88409 /* axr */ = {
			isa = PBXGroup;
			children = (
				4E80C7DF13505CA200D88409 /* AXRController.cpp */,
				4E80C7E013505CA200D88409 /* AXRController.h */,
				4EBEABF41351CE0B000D6CE7 /* AXRExceptions.cpp */,
				4EBEABF51351CE0B000D6CE7 /* AXRExceptions.h */,
				4E9AB08713589DA600837091 /* AXRDebugging.cpp */,
				4E9AB08813589DA600837091 /* AXRDebugging.h */,
				4E963427135B603E00AF77AE /* AXRRender.cpp */,
				4E963428135B603E00AF77AE /* AXRRender.h */,
			);
			path = axr;
			sourceTree = SOURCE_ROOT;
		};
		4E80C7EC13505DD200D88409 /* hss */ = {
			isa = PBXGroup;
			children = (
				4E80C7ED13505DD200D88409 /* hss.h */,
				4E80C7EE13505DD200D88409 /* objects */,
				4E80C80213505DD200D88409 /* parsing */,
				4E80C82B13505DD300D88409 /* tokenizing */,
				4ECC1D681360C62500344DE8 /* various */,
			);
			path = hss;
			sourceTree = SOURCE_ROOT;
		};
		4E80C7EE13505DD200D88409 /* objects */ = {
			isa = PBXGroup;
			children = (
				4E80C7EF13505DD200D88409 /* HSSBorder.cpp */,
				4E80C7F013505DD200D88409 /* HSSBorder.h */,
				4E80C7F113505DD200D88409 /* HSSContainer.cpp */,
				4E80C7F213505DD200D88409 /* HSSContainer.h */,
				4E80C7F313505DD200D88409 /* HSSDisplayObject.cpp */,
				4E80C7F413505DD200D88409 /* HSSDisplayObject.h */,
				4E80C7F513505DD200D88409 /* HSSLineBorder.cpp */,
				4E80C7F613505DD200D88409 /* HSSLineBorder.h */,
				4E80C7F713505DD200D88409 /* HSSMargin.cpp */,
				4E80C7F813505DD200D88409 /* HSSMargin.h */,
				4E80C7F913505DD200D88409 /* HSSMultipleValue.cpp */,
				4E80C7FA13505DD200D88409 /* HSSMultipleValue.h */,
				4E80C7FB13505DD200D88409 /* HSSObject.cpp */,
				4E80C7FC13505DD200D88409 /* HSSObject.h */,
				4E80C7FD13505DD200D88409 /* HSSObjectExceptions.cpp */,
				4E80C7FE13505DD200D88409 /* HSSObjectExceptions.h */,
				4E80C7FF13505DD200D88409 /* HSSObjects.h */,
				4E80C80013505DD200D88409 /* HSSValue.cpp */,
				4E80C80113505DD200D88409 /* HSSValue.h */,
				4E1BE17E13A3F5F300D7C6DB /* HSSRgba.cpp */,
				4E1BE17F13A3F5F300D7C6DB /* HSSRgba.h */,
				4ECB84EA1431195B00F112E0 /* HSSFont.cpp */,
				4ECB84EB1431195B00F112E0 /* HSSFont.h */,
				4E58ED7C1433AA7E004FD8DC /* HSSFunction.cpp */,
				4E58ED7D1433AA7E004FD8DC /* HSSFunction.h */,
				4E07C46A1434F22900B1B7CA /* HSSFunctions.h */,
				4E07C46C1434F2CE00B1B7CA /* HSSRefFunction.cpp */,
				4E07C46D1434F2CE00B1B7CA /* HSSRefFunction.h */,
			);
			path = objects;
			sourceTree = "<group>";
		};
		4E80C80213505DD200D88409 /* parsing */ = {
			isa = PBXGroup;
			children = (
				4E80C80313505DD300D88409 /* HSSCombinator.cpp */,
				4E80C80413505DD300D88409 /* HSSCombinator.h */,
				4E80C80513505DD300D88409 /* HSSComment.cpp */,
				4E80C80613505DD300D88409 /* HSSComment.h */,
				4E80C80713505DD300D88409 /* HSSConstants.h */,
				4E5457B61364B56400D67571 /* HSSExpressions.h */,
				4E80C80813505DD300D88409 /* HSSExpression.cpp */,
				4E80C80913505DD300D88409 /* HSSExpression.h */,
				4E5457B21364B37A00D67571 /* HSSSum.cpp */,
				4E5457B31364B37B00D67571 /* HSSSum.h */,
				4E12B9141365B8D700BBAD6C /* HSSSubtraction.cpp */,
				4E12B9151365B8D700BBAD6C /* HSSSubtraction.h */,
				4E12B9181365B95200BBAD6C /* HSSMultiplication.cpp */,
				4E12B9191365B95200BBAD6C /* HSSMultiplication.h */,
				4E12B91C1365BB0200BBAD6C /* HSSDivision.cpp */,
				4E12B91D1365BB0200BBAD6C /* HSSDivision.h */,
				4E80C80A13505DD300D88409 /* HSSInstruction.cpp */,
				4E80C80B13505DD300D88409 /* HSSInstruction.h */,
				4E80C80D13505DD300D88409 /* HSSKeywordConstant.h */,
				4E80C80C13505DD300D88409 /* HSSKeywordConstant.cpp */,
				4E80C80E13505DD300D88409 /* HSSNumberConstant.cpp */,
				4E80C80F13505DD300D88409 /* HSSNumberConstant.h */,
				4E80C81013505DD300D88409 /* HSSObjectDefinition.cpp */,
				4E80C81113505DD300D88409 /* HSSObjectDefinition.h */,
				4E80C81213505DD300D88409 /* HSSObjectNameConstant.cpp */,
				4E80C81313505DD300D88409 /* HSSObjectNameConstant.h */,
				4E80C81413505DD300D88409 /* HSSParser.cpp */,
				4E80C81513505DD300D88409 /* HSSParser.h */,
				4E80C81613505DD300D88409 /* HSSParserExceptions.cpp */,
				4E80C81713505DD300D88409 /* HSSParserExceptions.h */,
				4E80C81813505DD300D88409 /* HSSParserNode.cpp */,
				4E80C81913505DD300D88409 /* HSSParserNode.h */,
				4E80C81A13505DD300D88409 /* HSSParserNodes.h */,
				4E80C81B13505DD300D88409 /* HSSPercentageConstant.cpp */,
				4E80C81C13505DD300D88409 /* HSSPercentageConstant.h */,
				4E80C81D13505DD300D88409 /* HSSPropertyDefinition.cpp */,
				4E80C81E13505DD300D88409 /* HSSPropertyDefinition.h */,
				4E80C81F13505DD300D88409 /* HSSRule.cpp */,
				4E80C82013505DD300D88409 /* HSSRule.h */,
				4E80C82113505DD300D88409 /* HSSSelector.cpp */,
				4E80C82213505DD300D88409 /* HSSSelector.h */,
				4E80C82313505DD300D88409 /* HSSSelectorChain.cpp */,
				4E80C82413505DD300D88409 /* HSSSelectorChain.h */,
				4E80C82513505DD300D88409 /* HSSStatement.cpp */,
				4E80C82613505DD300D88409 /* HSSStatement.h */,
				4E80C82713505DD300D88409 /* HSSStringConstant.cpp */,
				4E80C82813505DD300D88409 /* HSSStringConstant.h */,
				4E80C82913505DD300D88409 /* HSSUniversalSelector.cpp */,
				4E80C82A13505DD300D88409 /* HSSUniversalSelector.h */,
				4E07C4661434DD3300B1B7CA /* HSSFunctionCall.cpp */,
				4E07C4671434DD3300B1B7CA /* HSSFunctionCall.h */,
			);
			path = parsing;
			sourceTree = "<group>";
		};
		4E80C82B13505DD300D88409 /* tokenizing */ = {
			isa = PBXGroup;
			children = (
				4E80C82C13505DD300D88409 /* HSSToken.cpp */,
				4E80C82D13505DD300D88409 /* HSSToken.h */,
				4E80C82E13505DD300D88409 /* HSSTokenizer.cpp */,
				4E80C82F13505DD300D88409 /* HSSTokenizer.h */,
				4E80C83013505DD300D88409 /* HSSValueToken.cpp */,
				4E80C83113505DD300D88409 /* HSSValueToken.h */,
			);
			path = tokenizing;
			sourceTree = "<group>";
		};
		4E80C87413505DEA00D88409 /* os */ = {
			isa = PBXGroup;
			children = (
				4E80C87513505DEA00D88409 /* osx */,
				4E9AB08B1358A08700837091 /* platform.h */,
			);
			path = os;
			sourceTree = SOURCE_ROOT;
		};
		4E80C87513505DEA00D88409 /* osx */ = {
			isa = PBXGroup;
			children = (
				4E80C87613505DEA00D88409 /* AXRView.h */,
				4E80C87713505DEA00D88409 /* AXRView.mm */,
				4E80C87813505DEA00D88409 /* OSX.mm */,
				4E80C87913505DEA00D88409 /* OSX.h */,
				4EFEBB0E135C7E1400352CC0 /* OSXRender.mm */,
				4EFEBB0F135C7E1400352CC0 /* OSXRender.h */,
			);
			path = osx;
			sourceTree = "<group>";
		};
		4E83668C134E23AF007A31BF /* core */ = {
			isa = PBXGroup;
			children = (
				4ED1A8981309A4F5001EAEA9 /* AXR.cpp */,
				4ED1A8991309A4F5001EAEA9 /* AXR.h */,
				4E80C7EC13505DD200D88409 /* hss */,
				4E80C7DE13505CA200D88409 /* axr */,
				4E80C7D113505C7E00D88409 /* xml */,
				4E80C87413505DEA00D88409 /* os */,
			);
			name = core;
			path = ../mac;
			sourceTree = "<group>";
		};
		4ECC1D681360C62500344DE8 /* various */ = {
			isa = PBXGroup;
			children = (
				4E5457AE1364523D00D67571 /* HSSCallback.cpp */,
				4E5457AF1364523D00D67571 /* HSSCallback.h */,
				4E5457AA136443E900D67571 /* HSSObservableProperties.h */,
				4E12B9201365BEA600BBAD6C /* HSSObservable.cpp */,
				4E12B9211365BEA600BBAD6C /* HSSObservable.h */,
			);
			path = various;
			sourceTree = "<group>";
		};
		C6A0FF2B0290797F04C91782 /* Documentation */ = {
			isa = PBXGroup;
			children = (
			);
			name = Documentation;
			sourceTree = "<group>";
		};
/* End PBXGroup section */

/* Begin PBXHeadersBuildPhase section */
		D2AAC043055464E500DB518D /* Headers */ = {
			isa = PBXHeadersBuildPhase;
			buildActionMask = 2147483647;
			files = (
				4E95BF43135072A300117354 /* AXR.h in Headers */,
				4E95BF44135072A500117354 /* hss.h in Headers */,
				4E95BF45135072B200117354 /* HSSBorder.h in Headers */,
				4E95BF46135072B400117354 /* HSSContainer.h in Headers */,
				4E95BF47135072B700117354 /* HSSDisplayObject.h in Headers */,
				4E95BF48135072B900117354 /* HSSLineBorder.h in Headers */,
				4E95BF49135072BB00117354 /* HSSMargin.h in Headers */,
				4E95BF4A135072BE00117354 /* HSSMultipleValue.h in Headers */,
				4E95BF4B135072C200117354 /* HSSObject.h in Headers */,
				4E95BF4C135072C700117354 /* HSSObjectExceptions.h in Headers */,
				4E95BF4D135072CA00117354 /* HSSObjects.h in Headers */,
				4E95BF4E135072CD00117354 /* HSSValue.h in Headers */,
				4E95BF4F135072D200117354 /* HSSCombinator.h in Headers */,
				4E95BF50135072D400117354 /* HSSComment.h in Headers */,
				4E95BF51135072DE00117354 /* HSSConstants.h in Headers */,
				4E95BF52135072ED00117354 /* HSSExpression.h in Headers */,
				4E95BF53135072F000117354 /* HSSInstruction.h in Headers */,
				4E95BF54135072F400117354 /* HSSKeywordConstant.h in Headers */,
				4E95BF55135072F700117354 /* HSSNumberConstant.h in Headers */,
				4E95BF56135072FB00117354 /* HSSObjectDefinition.h in Headers */,
				4E95BF57135072FE00117354 /* HSSObjectNameConstant.h in Headers */,
				4E95BF581350730400117354 /* HSSParser.h in Headers */,
				4E95BF591350730700117354 /* HSSParserExceptions.h in Headers */,
				4E95BF5A1350730A00117354 /* HSSParserNode.h in Headers */,
				4E95BF5B1350731100117354 /* HSSParserNodes.h in Headers */,
				4E95BF5C1350731600117354 /* HSSPercentageConstant.h in Headers */,
				4E95BF5D1350731900117354 /* HSSPropertyDefinition.h in Headers */,
				4E95BF5E1350731C00117354 /* HSSRule.h in Headers */,
				4E95BF5F1350732100117354 /* HSSSelector.h in Headers */,
				4E95BF601350732600117354 /* HSSSelectorChain.h in Headers */,
				4E95BF611350732A00117354 /* HSSStatement.h in Headers */,
				4E95BF621350732F00117354 /* HSSStringConstant.h in Headers */,
				4E95BF631350733400117354 /* HSSUniversalSelector.h in Headers */,
				4E95BF641350733E00117354 /* HSSToken.h in Headers */,
				4E95BF651350734100117354 /* HSSTokenizer.h in Headers */,
				4E95BF661350734400117354 /* HSSValueToken.h in Headers */,
				4E95BF671350734D00117354 /* AXRController.h in Headers */,
				4E95BF681350735600117354 /* xml.h in Headers */,
				4E95BF691350735900117354 /* ExpatXMLParser.h in Headers */,
				4E95BF6A1350736100117354 /* XMLParser.h in Headers */,
				4E95BF6B1350736400117354 /* XMLParserExceptions.h in Headers */,
				4E95BF6C1350737100117354 /* AXRView.h in Headers */,
				4E95BF6D1350737400117354 /* OSX.h in Headers */,
				4EBEABF71351CE0B000D6CE7 /* AXRExceptions.h in Headers */,
				4E9AB08A13589DA600837091 /* AXRDebugging.h in Headers */,
				4E9AB08C1358A08700837091 /* platform.h in Headers */,
				4E96342A135B603E00AF77AE /* AXRRender.h in Headers */,
				4EFEBB11135C7E1400352CC0 /* OSXRender.h in Headers */,
				4E5457AB136443E900D67571 /* HSSObservableProperties.h in Headers */,
				4E5457B11364523D00D67571 /* HSSCallback.h in Headers */,
				4E5457B51364B37B00D67571 /* HSSSum.h in Headers */,
				4E5457B71364B56500D67571 /* HSSExpressions.h in Headers */,
				4E12B9171365B8D700BBAD6C /* HSSSubtraction.h in Headers */,
				4E12B91B1365B95200BBAD6C /* HSSMultiplication.h in Headers */,
				4E12B91F1365BB0200BBAD6C /* HSSDivision.h in Headers */,
				4E12B9231365BEA600BBAD6C /* HSSObservable.h in Headers */,
				4E1BE18113A3F5F300D7C6DB /* HSSRgba.h in Headers */,
				4ECB84ED1431195B00F112E0 /* HSSFont.h in Headers */,
				4E58ED7F1433AA7E004FD8DC /* HSSFunction.h in Headers */,
				4E07C4691434DD3300B1B7CA /* HSSFunctionCall.h in Headers */,
				4E07C46B1434F22900B1B7CA /* HSSFunctions.h in Headers */,
				4E07C46F1434F2CF00B1B7CA /* HSSRefFunction.h in Headers */,
			);
			runOnlyForDeploymentPostprocessing = 0;
		};
/* End PBXHeadersBuildPhase section */

/* Begin PBXNativeTarget section */
		D2AAC045055464E500DB518D /* core */ = {
			isa = PBXNativeTarget;
			buildConfigurationList = 1DEB91EB08733DB70010E9CD /* Build configuration list for PBXNativeTarget "core" */;
			buildPhases = (
				D2AAC043055464E500DB518D /* Headers */,
				D2AAC044055464E500DB518D /* Sources */,
				D289987405E68DCB004EDB86 /* Frameworks */,
			);
			buildRules = (
			);
			dependencies = (
			);
			name = core;
			productName = core;
			productReference = D2AAC046055464E500DB518D /* libcore.a */;
			productType = "com.apple.product-type.library.static";
		};
/* End PBXNativeTarget section */

/* Begin PBXProject section */
		08FB7793FE84155DC02AAC07 /* Project object */ = {
			isa = PBXProject;
			attributes = {
				LastUpgradeCheck = 0410;
			};
			buildConfigurationList = 1DEB91EF08733DB70010E9CD /* Build configuration list for PBXProject "core" */;
			compatibilityVersion = "Xcode 3.1";
			developmentRegion = English;
			hasScannedForEncodings = 1;
			knownRegions = (
				English,
				Japanese,
				French,
				German,
			);
			mainGroup = 08FB7794FE84155DC02AAC07 /* core */;
			projectDirPath = "";
			projectRoot = "";
			targets = (
				D2AAC045055464E500DB518D /* core */,
			);
		};
/* End PBXProject section */

/* Begin PBXSourcesBuildPhase section */
		D2AAC044055464E500DB518D /* Sources */ = {
			isa = PBXSourcesBuildPhase;
			buildActionMask = 2147483647;
			files = (
				4E351B771350784B00FEB909 /* AXRView.mm in Sources */,
				4E95BF8B135073C600117354 /* HSSToken.cpp in Sources */,
				4E95BF8C135073C600117354 /* HSSTokenizer.cpp in Sources */,
				4E95BF8D135073C600117354 /* HSSValueToken.cpp in Sources */,
				4E95BF8E135073C600117354 /* AXRController.cpp in Sources */,
				4E95BF8F135073C600117354 /* ExpatXMLParser.cpp in Sources */,
				4E95BF90135073C600117354 /* XMLParser.cpp in Sources */,
				4E95BF91135073C600117354 /* XMLParserExceptions.cpp in Sources */,
				4E95BF93135073C600117354 /* OSX.mm in Sources */,
				4E95BF78135073B600117354 /* HSSCombinator.cpp in Sources */,
				4E95BF79135073B600117354 /* HSSComment.cpp in Sources */,
				4E95BF7A135073B600117354 /* HSSExpression.cpp in Sources */,
				4E95BF7B135073B600117354 /* HSSInstruction.cpp in Sources */,
				4E95BF7C135073B600117354 /* HSSKeywordConstant.cpp in Sources */,
				4E95BF7D135073B600117354 /* HSSNumberConstant.cpp in Sources */,
				4E95BF7E135073B600117354 /* HSSObjectDefinition.cpp in Sources */,
				4E95BF7F135073B600117354 /* HSSObjectNameConstant.cpp in Sources */,
				4E95BF80135073B600117354 /* HSSParser.cpp in Sources */,
				4E95BF81135073B600117354 /* HSSParserExceptions.cpp in Sources */,
				4E95BF82135073B600117354 /* HSSParserNode.cpp in Sources */,
				4E95BF83135073B600117354 /* HSSPercentageConstant.cpp in Sources */,
				4E95BF84135073B600117354 /* HSSPropertyDefinition.cpp in Sources */,
				4E95BF85135073B600117354 /* HSSRule.cpp in Sources */,
				4E95BF86135073B600117354 /* HSSSelector.cpp in Sources */,
				4E95BF87135073B600117354 /* HSSSelectorChain.cpp in Sources */,
				4E95BF88135073B600117354 /* HSSStatement.cpp in Sources */,
				4E95BF89135073B600117354 /* HSSStringConstant.cpp in Sources */,
				4E95BF8A135073B600117354 /* HSSUniversalSelector.cpp in Sources */,
				4E95BF6E135073A400117354 /* AXR.cpp in Sources */,
				4E95BF6F135073A400117354 /* HSSBorder.cpp in Sources */,
				4E95BF70135073A400117354 /* HSSContainer.cpp in Sources */,
				4E95BF71135073A400117354 /* HSSDisplayObject.cpp in Sources */,
				4E95BF72135073A400117354 /* HSSLineBorder.cpp in Sources */,
				4E95BF73135073A400117354 /* HSSMargin.cpp in Sources */,
				4E95BF74135073A400117354 /* HSSMultipleValue.cpp in Sources */,
				4E95BF75135073A400117354 /* HSSObject.cpp in Sources */,
				4E95BF76135073A400117354 /* HSSObjectExceptions.cpp in Sources */,
				4E95BF77135073A400117354 /* HSSValue.cpp in Sources */,
				4EBEABF61351CE0B000D6CE7 /* AXRExceptions.cpp in Sources */,
				4E9AB08913589DA600837091 /* AXRDebugging.cpp in Sources */,
				4E963429135B603E00AF77AE /* AXRRender.cpp in Sources */,
				4EFEBB10135C7E1400352CC0 /* OSXRender.mm in Sources */,
				4E5457B01364523D00D67571 /* HSSCallback.cpp in Sources */,
				4E5457B41364B37B00D67571 /* HSSSum.cpp in Sources */,
				4E12B9161365B8D700BBAD6C /* HSSSubtraction.cpp in Sources */,
				4E12B91A1365B95200BBAD6C /* HSSMultiplication.cpp in Sources */,
				4E12B91E1365BB0200BBAD6C /* HSSDivision.cpp in Sources */,
				4E12B9221365BEA600BBAD6C /* HSSObservable.cpp in Sources */,
				4E1BE18013A3F5F300D7C6DB /* HSSRgba.cpp in Sources */,
				4ECB84EC1431195B00F112E0 /* HSSFont.cpp in Sources */,
				4E58ED7E1433AA7E004FD8DC /* HSSFunction.cpp in Sources */,
				4E07C4681434DD3300B1B7CA /* HSSFunctionCall.cpp in Sources */,
				4E07C46E1434F2CF00B1B7CA /* HSSRefFunction.cpp in Sources */,
			);
			runOnlyForDeploymentPostprocessing = 0;
		};
/* End PBXSourcesBuildPhase section */

/* Begin XCBuildConfiguration section */
		1DEB91EC08733DB70010E9CD /* Debug */ = {
			isa = XCBuildConfiguration;
			buildSettings = {
				ALWAYS_SEARCH_USER_PATHS = YES;
				COPY_PHASE_STRIP = NO;
				GCC_DYNAMIC_NO_PIC = NO;
				GCC_MODEL_TUNING = G5;
				GCC_OPTIMIZATION_LEVEL = 0;
				HEADER_SEARCH_PATHS = (
					/usr/local/include,
					"/usr/local/Cellar/glib/2.28.8/include/glib-2.0",
					"/usr/local/Cellar/glib/2.28.8/lib/glib-2.0/include",
				);
				LIBRARY_SEARCH_PATHS = (
					/usr/local/lib,
					/usr/local/Cellar/glib/2.28.8/lib,
					"/usr/local/Cellar/glib/2.28.8/lib/glib-2.0",
					/usr/local/Cellar/gettext/0.18.1.1/lib,
					/usr/local/Cellar/libiconv/1.14/lib,
					/usr/local/Cellar/fontconfig/2.8.0/lib,
				);
				OTHER_CFLAGS = "-DAXR_PLATFORM_OSX";
				PRODUCT_NAME = core;
				SCAN_ALL_SOURCE_FILES_FOR_INCLUDES = YES;
				SDKROOT = macosx;
				USER_HEADER_SEARCH_PATHS = "/usr/local/include/ /usr/local/Cellar/cairo/1.10.2/include/";
			};
			name = Debug;
		};
		1DEB91ED08733DB70010E9CD /* Release */ = {
			isa = XCBuildConfiguration;
			buildSettings = {
				ALWAYS_SEARCH_USER_PATHS = YES;
				DEBUG_INFORMATION_FORMAT = "dwarf-with-dsym";
				GCC_MODEL_TUNING = G5;
				HEADER_SEARCH_PATHS = (
					/usr/local/include,
					"/usr/local/Cellar/glib/2.28.8/include/glib-2.0",
					"/usr/local/Cellar/glib/2.28.8/lib/glib-2.0/include",
				);
				LIBRARY_SEARCH_PATHS = (
					/usr/local/lib,
					/usr/local/Cellar/glib/2.28.8/lib,
					"/usr/local/Cellar/glib/2.28.8/lib/glib-2.0",
					/usr/local/Cellar/gettext/0.18.1.1/lib,
					/usr/local/Cellar/libiconv/1.14/lib,
					/usr/local/Cellar/fontconfig/2.8.0/lib,
				);
				OTHER_CFLAGS = "-DAXR_PLATFORM_OSX";
				PRODUCT_NAME = core;
				SCAN_ALL_SOURCE_FILES_FOR_INCLUDES = YES;
				SDKROOT = macosx;
				USER_HEADER_SEARCH_PATHS = "/usr/local/include/ /usr/local/Cellar/cairo/1.10.2/include/";
			};
			name = Release;
		};
		1DEB91F008733DB70010E9CD /* Debug */ = {
			isa = XCBuildConfiguration;
			buildSettings = {
				ARCHS = "$(ARCHS_STANDARD_32_64_BIT)";
				GCC_C_LANGUAGE_STANDARD = gnu99;
				GCC_OPTIMIZATION_LEVEL = 0;
				GCC_WARN_ABOUT_RETURN_TYPE = YES;
				GCC_WARN_UNUSED_VARIABLE = YES;
				ONLY_ACTIVE_ARCH = YES;
				SDKROOT = macosx;
			};
			name = Debug;
		};
		1DEB91F108733DB70010E9CD /* Release */ = {
			isa = XCBuildConfiguration;
			buildSettings = {
				ARCHS = "$(ARCHS_STANDARD_32_64_BIT)";
				GCC_C_LANGUAGE_STANDARD = gnu99;
				GCC_WARN_ABOUT_RETURN_TYPE = YES;
				GCC_WARN_UNUSED_VARIABLE = YES;
				SDKROOT = macosx;
			};
			name = Release;
		};
/* End XCBuildConfiguration section */

/* Begin XCConfigurationList section */
		1DEB91EB08733DB70010E9CD /* Build configuration list for PBXNativeTarget "core" */ = {
			isa = XCConfigurationList;
			buildConfigurations = (
				1DEB91EC08733DB70010E9CD /* Debug */,
				1DEB91ED08733DB70010E9CD /* Release */,
			);
			defaultConfigurationIsVisible = 0;
			defaultConfigurationName = Release;
		};
		1DEB91EF08733DB70010E9CD /* Build configuration list for PBXProject "core" */ = {
			isa = XCConfigurationList;
			buildConfigurations = (
				1DEB91F008733DB70010E9CD /* Debug */,
				1DEB91F108733DB70010E9CD /* Release */,
			);
			defaultConfigurationIsVisible = 0;
			defaultConfigurationName = Release;
		};
/* End XCConfigurationList section */
	};
	rootObject = 08FB7793FE84155DC02AAC07 /* Project object */;
}
