// !$*UTF8*$!
{
	archiveVersion = 1;
	classes = {
	};
	objectVersion = 45;
	objects = {

/* Begin PBXBuildFile section */
		1DDD58160DA1D0A300B32029 /* MainMenu.xib in Resources */ = {isa = PBXBuildFile; fileRef = 1DDD58140DA1D0A300B32029 /* MainMenu.xib */; };
		256AC3DA0F4B6AC300CF3369 /* AXRTestAppAppDelegate.mm in Sources */ = {isa = PBXBuildFile; fileRef = 256AC3D90F4B6AC300CF3369 /* AXRTestAppAppDelegate.mm */; };
		4E351B7913507C2F00FEB909 /* libcore.a in Frameworks */ = {isa = PBXBuildFile; fileRef = 4E351B7813507C2F00FEB909 /* libcore.a */; };
		4E3843F8144998EB001DF47A /* libcairo.2.dylib in Frameworks */ = {isa = PBXBuildFile; fileRef = 4E3843F1144998EB001DF47A /* libcairo.2.dylib */; };
		4E3843F9144998EB001DF47A /* libexpat.1.5.2.dylib in Frameworks */ = {isa = PBXBuildFile; fileRef = 4E3843F2144998EB001DF47A /* libexpat.1.5.2.dylib */; };
		4E3843FB144998EB001DF47A /* libgobject-2.0.0.dylib in Frameworks */ = {isa = PBXBuildFile; fileRef = 4E3843F4144998EB001DF47A /* libgobject-2.0.0.dylib */; };
		4E3843FC144998EB001DF47A /* libpango-1.0.0.dylib in Frameworks */ = {isa = PBXBuildFile; fileRef = 4E3843F5144998EB001DF47A /* libpango-1.0.0.dylib */; };
		4E3843FD144998EB001DF47A /* libpangocairo-1.0.0.dylib in Frameworks */ = {isa = PBXBuildFile; fileRef = 4E3843F6144998EB001DF47A /* libpangocairo-1.0.0.dylib */; };
		4E3843FE144998EB001DF47A /* libpixman-1.0.22.2.dylib in Frameworks */ = {isa = PBXBuildFile; fileRef = 4E3843F7144998EB001DF47A /* libpixman-1.0.22.2.dylib */; };
		4E3843FF14499994001DF47A /* libcairo.2.dylib in Resources */ = {isa = PBXBuildFile; fileRef = 4E3843F1144998EB001DF47A /* libcairo.2.dylib */; };
		4E3844001449999E001DF47A /* libexpat.1.5.2.dylib in Resources */ = {isa = PBXBuildFile; fileRef = 4E3843F2144998EB001DF47A /* libexpat.1.5.2.dylib */; };
		4E3844021449999E001DF47A /* libgobject-2.0.0.dylib in Resources */ = {isa = PBXBuildFile; fileRef = 4E3843F4144998EB001DF47A /* libgobject-2.0.0.dylib */; };
		4E3844031449999E001DF47A /* libpango-1.0.0.dylib in Resources */ = {isa = PBXBuildFile; fileRef = 4E3843F5144998EB001DF47A /* libpango-1.0.0.dylib */; };
		4E3844041449999E001DF47A /* libpangocairo-1.0.0.dylib in Resources */ = {isa = PBXBuildFile; fileRef = 4E3843F6144998EB001DF47A /* libpangocairo-1.0.0.dylib */; };
		4E3844051449999E001DF47A /* libpixman-1.0.22.2.dylib in Resources */ = {isa = PBXBuildFile; fileRef = 4E3843F7144998EB001DF47A /* libpixman-1.0.22.2.dylib */; };
		4E3844071449B685001DF47A /* libiconv.2.dylib in Frameworks */ = {isa = PBXBuildFile; fileRef = 4E3844061449B685001DF47A /* libiconv.2.dylib */; };
		4E3844081449B68D001DF47A /* libiconv.2.dylib in Resources */ = {isa = PBXBuildFile; fileRef = 4E3844061449B685001DF47A /* libiconv.2.dylib */; };
		4E38440A1449B8D7001DF47A /* libgthread-2.0.0.dylib in Frameworks */ = {isa = PBXBuildFile; fileRef = 4E3844091449B8D7001DF47A /* libgthread-2.0.0.dylib */; };
		4E38440B1449BACD001DF47A /* libgthread-2.0.0.dylib in Resources */ = {isa = PBXBuildFile; fileRef = 4E3844091449B8D7001DF47A /* libgthread-2.0.0.dylib */; };
		4E38440D1449C046001DF47A /* libintl.8.dylib in Frameworks */ = {isa = PBXBuildFile; fileRef = 4E38440C1449C046001DF47A /* libintl.8.dylib */; };
		4E38440E1449C04E001DF47A /* libintl.8.dylib in Resources */ = {isa = PBXBuildFile; fileRef = 4E38440C1449C046001DF47A /* libintl.8.dylib */; };
		4E3844101449C1B7001DF47A /* libglib-2.0.0.dylib in Frameworks */ = {isa = PBXBuildFile; fileRef = 4E38440F1449C1B7001DF47A /* libglib-2.0.0.dylib */; };
		4E3844111449C3C0001DF47A /* libglib-2.0.0.dylib in Resources */ = {isa = PBXBuildFile; fileRef = 4E38440F1449C1B7001DF47A /* libglib-2.0.0.dylib */; };
		4E3844131449C7FB001DF47A /* libgmodule-2.0.0.dylib in Frameworks */ = {isa = PBXBuildFile; fileRef = 4E3844121449C7FB001DF47A /* libgmodule-2.0.0.dylib */; };
		4E3844141449C7FE001DF47A /* libgmodule-2.0.0.dylib in Resources */ = {isa = PBXBuildFile; fileRef = 4E3844121449C7FB001DF47A /* libgmodule-2.0.0.dylib */; };
		4E3844161449C996001DF47A /* libpangoft2-1.0.0.dylib in Frameworks */ = {isa = PBXBuildFile; fileRef = 4E3844151449C996001DF47A /* libpangoft2-1.0.0.dylib */; };
		4E3844171449CA22001DF47A /* libpangoft2-1.0.0.dylib in Resources */ = {isa = PBXBuildFile; fileRef = 4E3844151449C996001DF47A /* libpangoft2-1.0.0.dylib */; };
		4EA6EAFE14407B3200309E10 /* views in Resources */ = {isa = PBXBuildFile; fileRef = 4EA6EAFD14407B3200309E10 /* views */; };
		8D11072B0486CEB800E47090 /* InfoPlist.strings in Resources */ = {isa = PBXBuildFile; fileRef = 089C165CFE840E0CC02AAC07 /* InfoPlist.strings */; };
		8D11072D0486CEB800E47090 /* main.m in Sources */ = {isa = PBXBuildFile; fileRef = 29B97316FDCFA39411CA2CEA /* main.m */; settings = {ATTRIBUTES = (); }; };
		8D11072F0486CEB800E47090 /* Cocoa.framework in Frameworks */ = {isa = PBXBuildFile; fileRef = 1058C7A1FEA54F0111CA2CBB /* Cocoa.framework */; };
/* End PBXBuildFile section */

/* Begin PBXContainerItemProxy section */
		4E351B74135077C000FEB909 /* PBXContainerItemProxy */ = {
			isa = PBXContainerItemProxy;
			containerPortal = 4E95BFCE135076F100117354 /* core.xcodeproj */;
			proxyType = 1;
			remoteGlobalIDString = D2AAC045055464E500DB518D;
			remoteInfo = core;
		};
		4E95BFD5135076F200117354 /* PBXContainerItemProxy */ = {
			isa = PBXContainerItemProxy;
			containerPortal = 4E95BFCE135076F100117354 /* core.xcodeproj */;
			proxyType = 2;
			remoteGlobalIDString = D2AAC046055464E500DB518D;
			remoteInfo = core;
		};
/* End PBXContainerItemProxy section */

/* Begin PBXFileReference section */
		089C165DFE840E0CC02AAC07 /* English */ = {isa = PBXFileReference; fileEncoding = 4; lastKnownFileType = text.plist.strings; name = English; path = English.lproj/InfoPlist.strings; sourceTree = "<group>"; };
		1058C7A1FEA54F0111CA2CBB /* Cocoa.framework */ = {isa = PBXFileReference; lastKnownFileType = wrapper.framework; name = Cocoa.framework; path = /System/Library/Frameworks/Cocoa.framework; sourceTree = "<absolute>"; };
		13E42FB307B3F0F600E4EEF1 /* CoreData.framework */ = {isa = PBXFileReference; lastKnownFileType = wrapper.framework; name = CoreData.framework; path = /System/Library/Frameworks/CoreData.framework; sourceTree = "<absolute>"; };
		1DDD58150DA1D0A300B32029 /* English */ = {isa = PBXFileReference; lastKnownFileType = file.xib; name = English; path = English.lproj/MainMenu.xib; sourceTree = "<group>"; };
		256AC3D80F4B6AC300CF3369 /* AXRTestAppAppDelegate.h */ = {isa = PBXFileReference; fileEncoding = 4; lastKnownFileType = sourcecode.c.h; path = AXRTestAppAppDelegate.h; sourceTree = "<group>"; };
		256AC3D90F4B6AC300CF3369 /* AXRTestAppAppDelegate.mm */ = {isa = PBXFileReference; fileEncoding = 4; lastKnownFileType = sourcecode.cpp.objcpp; path = AXRTestAppAppDelegate.mm; sourceTree = "<group>"; };
		256AC3F00F4B6AF500CF3369 /* AXR Test App_Prefix.pch */ = {isa = PBXFileReference; fileEncoding = 4; lastKnownFileType = sourcecode.c.h; path = "AXR Test App_Prefix.pch"; sourceTree = "<group>"; };
		29B97316FDCFA39411CA2CEA /* main.m */ = {isa = PBXFileReference; fileEncoding = 4; lastKnownFileType = sourcecode.c.objc; path = main.m; sourceTree = "<group>"; };
		29B97324FDCFA39411CA2CEA /* AppKit.framework */ = {isa = PBXFileReference; lastKnownFileType = wrapper.framework; name = AppKit.framework; path = /System/Library/Frameworks/AppKit.framework; sourceTree = "<absolute>"; };
		29B97325FDCFA39411CA2CEA /* Foundation.framework */ = {isa = PBXFileReference; lastKnownFileType = wrapper.framework; name = Foundation.framework; path = /System/Library/Frameworks/Foundation.framework; sourceTree = "<absolute>"; };
		4E351B7813507C2F00FEB909 /* libcore.a */ = {isa = PBXFileReference; explicitFileType = archive.ar; path = libcore.a; sourceTree = BUILT_PRODUCTS_DIR; };
		4E3843F1144998EB001DF47A /* libcairo.2.dylib */ = {isa = PBXFileReference; lastKnownFileType = "compiled.mach-o.dylib"; name = libcairo.2.dylib; path = ../../../../../usr/local/lib/libcairo.2.dylib; sourceTree = "<group>"; };
		4E3843F2144998EB001DF47A /* libexpat.1.5.2.dylib */ = {isa = PBXFileReference; lastKnownFileType = "compiled.mach-o.dylib"; name = libexpat.1.5.2.dylib; path = ../../../../../usr/local/Cellar/expat/2.0.1/lib/libexpat.1.5.2.dylib; sourceTree = "<group>"; };
		4E3843F4144998EB001DF47A /* libgobject-2.0.0.dylib */ = {isa = PBXFileReference; lastKnownFileType = "compiled.mach-o.dylib"; name = "libgobject-2.0.0.dylib"; path = "../../../../../usr/local/Cellar/glib/2.28.8/lib/libgobject-2.0.0.dylib"; sourceTree = "<group>"; };
		4E3843F5144998EB001DF47A /* libpango-1.0.0.dylib */ = {isa = PBXFileReference; lastKnownFileType = "compiled.mach-o.dylib"; name = "libpango-1.0.0.dylib"; path = "../../../../../usr/local/lib/libpango-1.0.0.dylib"; sourceTree = "<group>"; };
		4E3843F6144998EB001DF47A /* libpangocairo-1.0.0.dylib */ = {isa = PBXFileReference; lastKnownFileType = "compiled.mach-o.dylib"; name = "libpangocairo-1.0.0.dylib"; path = "../../../../../usr/local/lib/libpangocairo-1.0.0.dylib"; sourceTree = "<group>"; };
		4E3843F7144998EB001DF47A /* libpixman-1.0.22.2.dylib */ = {isa = PBXFileReference; lastKnownFileType = "compiled.mach-o.dylib"; name = "libpixman-1.0.22.2.dylib"; path = "../../../../../usr/local/Cellar/pixman/0.22.2/lib/libpixman-1.0.22.2.dylib"; sourceTree = "<group>"; };
		4E3844061449B685001DF47A /* libiconv.2.dylib */ = {isa = PBXFileReference; lastKnownFileType = "compiled.mach-o.dylib"; name = libiconv.2.dylib; path = ../../../../../usr/local/lib/libiconv.2.dylib; sourceTree = "<group>"; };
		4E3844091449B8D7001DF47A /* libgthread-2.0.0.dylib */ = {isa = PBXFileReference; lastKnownFileType = "compiled.mach-o.dylib"; name = "libgthread-2.0.0.dylib"; path = "../../../../../usr/local/Cellar/glib/2.28.8/lib/libgthread-2.0.0.dylib"; sourceTree = "<group>"; };
		4E38440C1449C046001DF47A /* libintl.8.dylib */ = {isa = PBXFileReference; lastKnownFileType = "compiled.mach-o.dylib"; name = libintl.8.dylib; path = ../../../../../usr/local/Cellar/gettext/0.18.1.1/lib/libintl.8.dylib; sourceTree = "<group>"; };
		4E38440F1449C1B7001DF47A /* libglib-2.0.0.dylib */ = {isa = PBXFileReference; lastKnownFileType = "compiled.mach-o.dylib"; name = "libglib-2.0.0.dylib"; path = "../../../../../usr/local/lib/libglib-2.0.0.dylib"; sourceTree = "<group>"; };
		4E3844121449C7FB001DF47A /* libgmodule-2.0.0.dylib */ = {isa = PBXFileReference; lastKnownFileType = "compiled.mach-o.dylib"; name = "libgmodule-2.0.0.dylib"; path = "../../../../../usr/local/Cellar/glib/2.28.8/lib/libgmodule-2.0.0.dylib"; sourceTree = "<group>"; };
		4E3844151449C996001DF47A /* libpangoft2-1.0.0.dylib */ = {isa = PBXFileReference; lastKnownFileType = "compiled.mach-o.dylib"; name = "libpangoft2-1.0.0.dylib"; path = "../../../../../usr/local/lib/libpangoft2-1.0.0.dylib"; sourceTree = "<group>"; };
		4E95BFCE135076F100117354 /* core.xcodeproj */ = {isa = PBXFileReference; lastKnownFileType = "wrapper.pb-project"; name = core.xcodeproj; path = ../core/core.xcodeproj; sourceTree = "<group>"; };
		4EA6EAFD14407B3200309E10 /* views */ = {isa = PBXFileReference; lastKnownFileType = folder; path = views; sourceTree = "<group>"; };
		4EAF82581331690C00AFF970 /* Cocoa.framework */ = {isa = PBXFileReference; lastKnownFileType = wrapper.framework; name = Cocoa.framework; path = System/Library/Frameworks/Cocoa.framework; sourceTree = SDKROOT; };
		8D1107310486CEB800E47090 /* mac-Info.plist */ = {isa = PBXFileReference; fileEncoding = 4; lastKnownFileType = text.plist.xml; path = "mac-Info.plist"; sourceTree = "<group>"; };
		8D1107320486CEB800E47090 /* AXR Prototype.app */ = {isa = PBXFileReference; explicitFileType = wrapper.application; includeInIndex = 0; path = "AXR Prototype.app"; sourceTree = BUILT_PRODUCTS_DIR; };
/* End PBXFileReference section */

/* Begin PBXFrameworksBuildPhase section */
		8D11072E0486CEB800E47090 /* Frameworks */ = {
			isa = PBXFrameworksBuildPhase;
			buildActionMask = 2147483647;
			files = (
				4E351B7913507C2F00FEB909 /* libcore.a in Frameworks */,
				8D11072F0486CEB800E47090 /* Cocoa.framework in Frameworks */,
				4E3843F8144998EB001DF47A /* libcairo.2.dylib in Frameworks */,
				4E3843F9144998EB001DF47A /* libexpat.1.5.2.dylib in Frameworks */,
				4E3843FB144998EB001DF47A /* libgobject-2.0.0.dylib in Frameworks */,
				4E3843FC144998EB001DF47A /* libpango-1.0.0.dylib in Frameworks */,
				4E3843FD144998EB001DF47A /* libpangocairo-1.0.0.dylib in Frameworks */,
				4E3843FE144998EB001DF47A /* libpixman-1.0.22.2.dylib in Frameworks */,
				4E3844071449B685001DF47A /* libiconv.2.dylib in Frameworks */,
				4E38440A1449B8D7001DF47A /* libgthread-2.0.0.dylib in Frameworks */,
				4E38440D1449C046001DF47A /* libintl.8.dylib in Frameworks */,
				4E3844101449C1B7001DF47A /* libglib-2.0.0.dylib in Frameworks */,
				4E3844131449C7FB001DF47A /* libgmodule-2.0.0.dylib in Frameworks */,
				4E3844161449C996001DF47A /* libpangoft2-1.0.0.dylib in Frameworks */,
			);
			runOnlyForDeploymentPostprocessing = 0;
		};
/* End PBXFrameworksBuildPhase section */

/* Begin PBXGroup section */
		080E96DDFE201D6D7F000001 /* Classes */ = {
			isa = PBXGroup;
			children = (
				256AC3D80F4B6AC300CF3369 /* AXRTestAppAppDelegate.h */,
				256AC3D90F4B6AC300CF3369 /* AXRTestAppAppDelegate.mm */,
			);
			name = Classes;
			sourceTree = "<group>";
		};
		1058C7A0FEA54F0111CA2CBB /* Linked Frameworks */ = {
			isa = PBXGroup;
			children = (
				1058C7A1FEA54F0111CA2CBB /* Cocoa.framework */,
			);
			name = "Linked Frameworks";
			sourceTree = "<group>";
		};
		1058C7A2FEA54F0111CA2CBB /* Other Frameworks */ = {
			isa = PBXGroup;
			children = (
				29B97324FDCFA39411CA2CEA /* AppKit.framework */,
				13E42FB307B3F0F600E4EEF1 /* CoreData.framework */,
				29B97325FDCFA39411CA2CEA /* Foundation.framework */,
			);
			name = "Other Frameworks";
			sourceTree = "<group>";
		};
		19C28FACFE9D520D11CA2CBB /* Products */ = {
			isa = PBXGroup;
			children = (
				8D1107320486CEB800E47090 /* AXR Prototype.app */,
			);
			name = Products;
			sourceTree = "<group>";
		};
		29B97314FDCFA39411CA2CEA /* mac */ = {
			isa = PBXGroup;
			children = (
				4E3844151449C996001DF47A /* libpangoft2-1.0.0.dylib */,
				4E3844121449C7FB001DF47A /* libgmodule-2.0.0.dylib */,
				4E3844061449B685001DF47A /* libiconv.2.dylib */,
				4E3843F1144998EB001DF47A /* libcairo.2.dylib */,
				4E3843F2144998EB001DF47A /* libexpat.1.5.2.dylib */,
				4E3843F4144998EB001DF47A /* libgobject-2.0.0.dylib */,
				4E3844091449B8D7001DF47A /* libgthread-2.0.0.dylib */,
				4E3843F5144998EB001DF47A /* libpango-1.0.0.dylib */,
				4E3843F6144998EB001DF47A /* libpangocairo-1.0.0.dylib */,
				4E3843F7144998EB001DF47A /* libpixman-1.0.22.2.dylib */,
				4E351B7813507C2F00FEB909 /* libcore.a */,
				4E38440C1449C046001DF47A /* libintl.8.dylib */,
				4E38440F1449C1B7001DF47A /* libglib-2.0.0.dylib */,
				4E95BFCE135076F100117354 /* core.xcodeproj */,
				080E96DDFE201D6D7F000001 /* Classes */,
				29B97315FDCFA39411CA2CEA /* Other Sources */,
				29B97317FDCFA39411CA2CEA /* Resources */,
				29B97323FDCFA39411CA2CEA /* Frameworks */,
				19C28FACFE9D520D11CA2CBB /* Products */,
			);
			name = mac;
			sourceTree = "<group>";
		};
		29B97315FDCFA39411CA2CEA /* Other Sources */ = {
			isa = PBXGroup;
			children = (
				256AC3F00F4B6AF500CF3369 /* AXR Test App_Prefix.pch */,
				29B97316FDCFA39411CA2CEA /* main.m */,
			);
			name = "Other Sources";
			sourceTree = "<group>";
		};
		29B97317FDCFA39411CA2CEA /* Resources */ = {
			isa = PBXGroup;
			children = (
				8D1107310486CEB800E47090 /* mac-Info.plist */,
				089C165CFE840E0CC02AAC07 /* InfoPlist.strings */,
				1DDD58140DA1D0A300B32029 /* MainMenu.xib */,
				4EA6EAFD14407B3200309E10 /* views */,
			);
			name = Resources;
			sourceTree = "<group>";
		};
		29B97323FDCFA39411CA2CEA /* Frameworks */ = {
			isa = PBXGroup;
			children = (
				1058C7A0FEA54F0111CA2CBB /* Linked Frameworks */,
				4EAF82581331690C00AFF970 /* Cocoa.framework */,
				1058C7A2FEA54F0111CA2CBB /* Other Frameworks */,
			);
			name = Frameworks;
			sourceTree = "<group>";
		};
		4E95BFCF135076F100117354 /* Products */ = {
			isa = PBXGroup;
			children = (
				4E95BFD6135076F200117354 /* libcore.a */,
			);
			name = Products;
			sourceTree = "<group>";
		};
/* End PBXGroup section */

/* Begin PBXNativeTarget section */
		8D1107260486CEB800E47090 /* AXR Test App */ = {
			isa = PBXNativeTarget;
			buildConfigurationList = C01FCF4A08A954540054247B /* Build configuration list for PBXNativeTarget "AXR Test App" */;
			buildPhases = (
				8D1107290486CEB800E47090 /* Resources */,
				8D11072C0486CEB800E47090 /* Sources */,
				8D11072E0486CEB800E47090 /* Frameworks */,
			);
			buildRules = (
			);
			dependencies = (
				4E351B75135077C000FEB909 /* PBXTargetDependency */,
			);
			name = "AXR Test App";
			productInstallPath = "$(HOME)/Applications";
			productName = mac;
			productReference = 8D1107320486CEB800E47090 /* AXR Prototype.app */;
			productType = "com.apple.product-type.application";
		};
/* End PBXNativeTarget section */

/* Begin PBXProject section */
		29B97313FDCFA39411CA2CEA /* Project object */ = {
			isa = PBXProject;
			attributes = {
				LastUpgradeCheck = 0410;
			};
			buildConfigurationList = C01FCF4E08A954540054247B /* Build configuration list for PBXProject "AXR Test App" */;
			compatibilityVersion = "Xcode 3.1";
			developmentRegion = English;
			hasScannedForEncodings = 1;
			knownRegions = (
				English,
				Japanese,
				French,
				German,
				en,
			);
			mainGroup = 29B97314FDCFA39411CA2CEA /* mac */;
			projectDirPath = "";
			projectReferences = (
				{
					ProductGroup = 4E95BFCF135076F100117354 /* Products */;
					ProjectRef = 4E95BFCE135076F100117354 /* core.xcodeproj */;
				},
			);
			projectRoot = "";
			targets = (
				8D1107260486CEB800E47090 /* AXR Test App */,
			);
		};
/* End PBXProject section */

/* Begin PBXReferenceProxy section */
		4E95BFD6135076F200117354 /* libcore.a */ = {
			isa = PBXReferenceProxy;
			fileType = archive.ar;
			path = libcore.a;
			remoteRef = 4E95BFD5135076F200117354 /* PBXContainerItemProxy */;
			sourceTree = BUILT_PRODUCTS_DIR;
		};
/* End PBXReferenceProxy section */

/* Begin PBXResourcesBuildPhase section */
		8D1107290486CEB800E47090 /* Resources */ = {
			isa = PBXResourcesBuildPhase;
			buildActionMask = 2147483647;
			files = (
				8D11072B0486CEB800E47090 /* InfoPlist.strings in Resources */,
				1DDD58160DA1D0A300B32029 /* MainMenu.xib in Resources */,
				4EA6EAFE14407B3200309E10 /* views in Resources */,
				4E3843FF14499994001DF47A /* libcairo.2.dylib in Resources */,
				4E3844001449999E001DF47A /* libexpat.1.5.2.dylib in Resources */,
				4E3844021449999E001DF47A /* libgobject-2.0.0.dylib in Resources */,
				4E38440B1449BACD001DF47A /* libgthread-2.0.0.dylib in Resources */,
				4E3844031449999E001DF47A /* libpango-1.0.0.dylib in Resources */,
				4E3844141449C7FE001DF47A /* libgmodule-2.0.0.dylib in Resources */,
				4E3844041449999E001DF47A /* libpangocairo-1.0.0.dylib in Resources */,
				4E3844051449999E001DF47A /* libpixman-1.0.22.2.dylib in Resources */,
				4E3844081449B68D001DF47A /* libiconv.2.dylib in Resources */,
				4E38440E1449C04E001DF47A /* libintl.8.dylib in Resources */,
				4E3844111449C3C0001DF47A /* libglib-2.0.0.dylib in Resources */,
				4E3844171449CA22001DF47A /* libpangoft2-1.0.0.dylib in Resources */,
			);
			runOnlyForDeploymentPostprocessing = 0;
		};
/* End PBXResourcesBuildPhase section */

/* Begin PBXSourcesBuildPhase section */
		8D11072C0486CEB800E47090 /* Sources */ = {
			isa = PBXSourcesBuildPhase;
			buildActionMask = 2147483647;
			files = (
				8D11072D0486CEB800E47090 /* main.m in Sources */,
				256AC3DA0F4B6AC300CF3369 /* AXRTestAppAppDelegate.mm in Sources */,
			);
			runOnlyForDeploymentPostprocessing = 0;
		};
/* End PBXSourcesBuildPhase section */

/* Begin PBXTargetDependency section */
		4E351B75135077C000FEB909 /* PBXTargetDependency */ = {
			isa = PBXTargetDependency;
			name = core;
			targetProxy = 4E351B74135077C000FEB909 /* PBXContainerItemProxy */;
		};
/* End PBXTargetDependency section */

/* Begin PBXVariantGroup section */
		089C165CFE840E0CC02AAC07 /* InfoPlist.strings */ = {
			isa = PBXVariantGroup;
			children = (
				089C165DFE840E0CC02AAC07 /* English */,
			);
			name = InfoPlist.strings;
			sourceTree = "<group>";
		};
		1DDD58140DA1D0A300B32029 /* MainMenu.xib */ = {
			isa = PBXVariantGroup;
			children = (
				1DDD58150DA1D0A300B32029 /* English */,
			);
			name = MainMenu.xib;
			sourceTree = "<group>";
		};
/* End PBXVariantGroup section */

/* Begin XCBuildConfiguration section */
		C01FCF4B08A954540054247B /* Debug */ = {
			isa = XCBuildConfiguration;
			buildSettings = {
				ARCHS = "$(ARCHS_STANDARD_64_BIT)";
				COPY_PHASE_STRIP = NO;
				GCC_DYNAMIC_NO_PIC = NO;
				GCC_MODEL_TUNING = G5;
				GCC_OPTIMIZATION_LEVEL = 0;
				GCC_PRECOMPILE_PREFIX_HEADER = NO;
				INFOPLIST_FILE = "mac-Info.plist";
				INSTALL_PATH = "$(HOME)/Applications";
				LIBRARY_SEARCH_PATHS = (
					"$(inherited)",
					/usr/local/lib,
					/usr/local/Cellar/expat/2.0.1/lib,
					/usr/local/Cellar/glib/2.28.8/lib,
					/usr/local/Cellar/pixman/0.22.2/lib,
					/usr/local/Cellar/gettext/0.18.1.1/lib,
				);
				OTHER_CFLAGS = "-DAXR_PLATFORM_OSX";
				OTHER_LDFLAGS = "";
				PRODUCT_NAME = "AXR Prototype";
				SCAN_ALL_SOURCE_FILES_FOR_INCLUDES = YES;
				USER_HEADER_SEARCH_PATHS = "/usr/local/include/ /usr/local/Cellar/cairo/1.10.2/include/";
			};
			name = Debug;
		};
		C01FCF4C08A954540054247B /* Release */ = {
			isa = XCBuildConfiguration;
			buildSettings = {
				ARCHS = "$(ARCHS_STANDARD_64_BIT)";
				DEAD_CODE_STRIPPING = YES;
				DEBUG_INFORMATION_FORMAT = "dwarf-with-dsym";
				GCC_MODEL_TUNING = G5;
				GCC_PRECOMPILE_PREFIX_HEADER = NO;
				INFOPLIST_FILE = "mac-Info.plist";
				INSTALL_PATH = "$(HOME)/Applications";
				LIBRARY_SEARCH_PATHS = (
					"$(inherited)",
					/usr/local/lib,
					/usr/local/Cellar/expat/2.0.1/lib,
					/usr/local/Cellar/glib/2.28.8/lib,
					/usr/local/Cellar/pixman/0.22.2/lib,
					/usr/local/Cellar/gettext/0.18.1.1/lib,
				);
				ONLY_ACTIVE_ARCH = YES;
				OTHER_CFLAGS = "-DAXR_PLATFORM_OSX";
				OTHER_LDFLAGS = "";
				PRODUCT_NAME = "AXR Prototype";
				SCAN_ALL_SOURCE_FILES_FOR_INCLUDES = YES;
				USER_HEADER_SEARCH_PATHS = "/usr/local/include/ /usr/local/Cellar/cairo/1.10.2/include/";
			};
			name = Release;
		};
		C01FCF4F08A954540054247B /* Debug */ = {
			isa = XCBuildConfiguration;
			buildSettings = {
				ARCHS = "$(ARCHS_STANDARD_32_64_BIT)";
				GCC_C_LANGUAGE_STANDARD = gnu99;
				GCC_OPTIMIZATION_LEVEL = 0;
				GCC_WARN_ABOUT_RETURN_TYPE = YES;
				GCC_WARN_UNUSED_VARIABLE = YES;
				HEADER_SEARCH_PATHS = "";
				MACOSX_DEPLOYMENT_TARGET = 10.5;
				ONLY_ACTIVE_ARCH = YES;
				SDKROOT = macosx;
			};
			name = Debug;
		};
		C01FCF5008A954540054247B /* Release */ = {
			isa = XCBuildConfiguration;
			buildSettings = {
				ARCHS = "$(ARCHS_STANDARD_32_64_BIT)";
				GCC_C_LANGUAGE_STANDARD = gnu99;
				GCC_WARN_ABOUT_RETURN_TYPE = YES;
				GCC_WARN_UNUSED_VARIABLE = YES;
				HEADER_SEARCH_PATHS = "";
				MACOSX_DEPLOYMENT_TARGET = 10.5;
				ONLY_ACTIVE_ARCH = NO;
				SDKROOT = macosx;
			};
			name = Release;
		};
/* End XCBuildConfiguration section */

/* Begin XCConfigurationList section */
		C01FCF4A08A954540054247B /* Build configuration list for PBXNativeTarget "AXR Test App" */ = {
			isa = XCConfigurationList;
			buildConfigurations = (
				C01FCF4B08A954540054247B /* Debug */,
				C01FCF4C08A954540054247B /* Release */,
			);
			defaultConfigurationIsVisible = 0;
			defaultConfigurationName = Release;
		};
		C01FCF4E08A954540054247B /* Build configuration list for PBXProject "AXR Test App" */ = {
			isa = XCConfigurationList;
			buildConfigurations = (
				C01FCF4F08A954540054247B /* Debug */,
				C01FCF5008A954540054247B /* Release */,
			);
			defaultConfigurationIsVisible = 0;
			defaultConfigurationName = Release;
		};
/* End XCConfigurationList section */
	};
	rootObject = 29B97313FDCFA39411CA2CEA /* Project object */;
}
