// !$*UTF8*$!
{
	archiveVersion = 1;
	classes = {
	};
	objectVersion = 46;
	objects = {

/* Begin PBXBuildFile section */
		4EF5945A1348FE87000D01B1 /* Cocoa.framework in Frameworks */ = {isa = PBXBuildFile; fileRef = 4EF594591348FE87000D01B1 /* Cocoa.framework */; };
		4EF594641348FE87000D01B1 /* InfoPlist.strings in Resources */ = {isa = PBXBuildFile; fileRef = 4EF594621348FE87000D01B1 /* InfoPlist.strings */; };
		4EF594671348FE87000D01B1 /* main.m in Sources */ = {isa = PBXBuildFile; fileRef = 4EF594661348FE87000D01B1 /* main.m */; };
		4EF5946A1348FE87000D01B1 /* Credits.rtf in Resources */ = {isa = PBXBuildFile; fileRef = 4EF594681348FE87000D01B1 /* Credits.rtf */; };
		4EF5946D1348FE87000D01B1 /* SDL_Test2AppDelegate.m in Sources */ = {isa = PBXBuildFile; fileRef = 4EF5946C1348FE87000D01B1 /* SDL_Test2AppDelegate.m */; };
		4EF594701348FE87000D01B1 /* MainMenu.xib in Resources */ = {isa = PBXBuildFile; fileRef = 4EF5946E1348FE87000D01B1 /* MainMenu.xib */; };
/* End PBXBuildFile section */

/* Begin PBXFileReference section */
		4EF5944D1348FE2A000D01B1 /* SDLMain.h */ = {isa = PBXFileReference; lastKnownFileType = sourcecode.c.h; path = SDLMain.h; sourceTree = "<group>"; };
		4EF5944E1348FE2A000D01B1 /* SDLMain.m */ = {isa = PBXFileReference; lastKnownFileType = sourcecode.c.objc; path = SDLMain.m; sourceTree = "<group>"; };
		4EF5944F1348FE68000D01B1 /* main.cpp */ = {isa = PBXFileReference; lastKnownFileType = sourcecode.cpp.cpp; path = main.cpp; sourceTree = "<group>"; };
		4EF594501348FE68000D01B1 /* main.h */ = {isa = PBXFileReference; lastKnownFileType = sourcecode.c.h; path = main.h; sourceTree = "<group>"; };
		4EF594551348FE87000D01B1 /* SDL Test2.app */ = {isa = PBXFileReference; explicitFileType = wrapper.application; includeInIndex = 0; path = "SDL Test2.app"; sourceTree = BUILT_PRODUCTS_DIR; };
		4EF594591348FE87000D01B1 /* Cocoa.framework */ = {isa = PBXFileReference; lastKnownFileType = wrapper.framework; name = Cocoa.framework; path = System/Library/Frameworks/Cocoa.framework; sourceTree = SDKROOT; };
		4EF5945C1348FE87000D01B1 /* AppKit.framework */ = {isa = PBXFileReference; lastKnownFileType = wrapper.framework; name = AppKit.framework; path = System/Library/Frameworks/AppKit.framework; sourceTree = SDKROOT; };
		4EF5945D1348FE87000D01B1 /* CoreData.framework */ = {isa = PBXFileReference; lastKnownFileType = wrapper.framework; name = CoreData.framework; path = System/Library/Frameworks/CoreData.framework; sourceTree = SDKROOT; };
		4EF5945E1348FE87000D01B1 /* Foundation.framework */ = {isa = PBXFileReference; lastKnownFileType = wrapper.framework; name = Foundation.framework; path = System/Library/Frameworks/Foundation.framework; sourceTree = SDKROOT; };
		4EF594611348FE87000D01B1 /* SDL Test2-Info.plist */ = {isa = PBXFileReference; path = "SDL Test2-Info.plist"; sourceTree = "<group>"; };
		4EF594631348FE87000D01B1 /* en */ = {isa = PBXFileReference; lastKnownFileType = text.plist.strings; name = en; path = en.lproj/InfoPlist.strings; sourceTree = "<group>"; };
		4EF594651348FE87000D01B1 /* SDL Test2-Prefix.pch */ = {isa = PBXFileReference; path = "SDL Test2-Prefix.pch"; sourceTree = "<group>"; };
		4EF594661348FE87000D01B1 /* main.m */ = {isa = PBXFileReference; lastKnownFileType = sourcecode.c.objc; path = main.m; sourceTree = "<group>"; };
		4EF594691348FE87000D01B1 /* en */ = {isa = PBXFileReference; lastKnownFileType = text.rtf; name = en; path = en.lproj/Credits.rtf; sourceTree = "<group>"; };
		4EF5946B1348FE87000D01B1 /* SDL_Test2AppDelegate.h */ = {isa = PBXFileReference; path = SDL_Test2AppDelegate.h; sourceTree = "<group>"; };
		4EF5946C1348FE87000D01B1 /* SDL_Test2AppDelegate.m */ = {isa = PBXFileReference; lastKnownFileType = sourcecode.c.objc; path = SDL_Test2AppDelegate.m; sourceTree = "<group>"; };
		4EF5946F1348FE87000D01B1 /* en */ = {isa = PBXFileReference; lastKnownFileType = file.xib; name = en; path = en.lproj/MainMenu.xib; sourceTree = "<group>"; };
/* End PBXFileReference section */

/* Begin PBXFrameworksBuildPhase section */
		4EF594521348FE87000D01B1 /* Frameworks */ = {
			isa = PBXFrameworksBuildPhase;
			buildActionMask = 2147483647;
			files = (
				4EF5945A1348FE87000D01B1 /* Cocoa.framework in Frameworks */,
			);
			runOnlyForDeploymentPostprocessing = 0;
		};
/* End PBXFrameworksBuildPhase section */

/* Begin PBXGroup section */
		4EF594441348FE08000D01B1 = {
			isa = PBXGroup;
			children = (
				4EF5944D1348FE2A000D01B1 /* SDLMain.h */,
				4EF5944E1348FE2A000D01B1 /* SDLMain.m */,
				4EF5944F1348FE68000D01B1 /* main.cpp */,
				4EF594501348FE68000D01B1 /* main.h */,
				4EF5945F1348FE87000D01B1 /* SDL Test2 */,
				4EF594581348FE87000D01B1 /* Frameworks */,
				4EF594561348FE87000D01B1 /* Products */,
			);
			sourceTree = "<group>";
		};
		4EF594561348FE87000D01B1 /* Products */ = {
			isa = PBXGroup;
			children = (
				4EF594551348FE87000D01B1 /* SDL Test2.app */,
			);
			name = Products;
			sourceTree = "<group>";
		};
		4EF594581348FE87000D01B1 /* Frameworks */ = {
			isa = PBXGroup;
			children = (
				4EF594591348FE87000D01B1 /* Cocoa.framework */,
				4EF5945B1348FE87000D01B1 /* Other Frameworks */,
			);
			name = Frameworks;
			sourceTree = "<group>";
		};
		4EF5945B1348FE87000D01B1 /* Other Frameworks */ = {
			isa = PBXGroup;
			children = (
				4EF5945C1348FE87000D01B1 /* AppKit.framework */,
				4EF5945D1348FE87000D01B1 /* CoreData.framework */,
				4EF5945E1348FE87000D01B1 /* Foundation.framework */,
			);
			name = "Other Frameworks";
			sourceTree = "<group>";
		};
		4EF5945F1348FE87000D01B1 /* SDL Test2 */ = {
			isa = PBXGroup;
			children = (
				4EF5946B1348FE87000D01B1 /* SDL_Test2AppDelegate.h */,
				4EF5946C1348FE87000D01B1 /* SDL_Test2AppDelegate.m */,
				4EF5946E1348FE87000D01B1 /* MainMenu.xib */,
				4EF594601348FE87000D01B1 /* Supporting Files */,
			);
			path = "SDL Test2";
			sourceTree = "<group>";
		};
		4EF594601348FE87000D01B1 /* Supporting Files */ = {
			isa = PBXGroup;
			children = (
				4EF594611348FE87000D01B1 /* SDL Test2-Info.plist */,
				4EF594621348FE87000D01B1 /* InfoPlist.strings */,
				4EF594651348FE87000D01B1 /* SDL Test2-Prefix.pch */,
				4EF594661348FE87000D01B1 /* main.m */,
				4EF594681348FE87000D01B1 /* Credits.rtf */,
			);
			name = "Supporting Files";
			sourceTree = "<group>";
		};
/* End PBXGroup section */

/* Begin PBXNativeTarget section */
		4EF594541348FE87000D01B1 /* SDL Test2 */ = {
			isa = PBXNativeTarget;
			buildConfigurationList = 4EF594711348FE87000D01B1 /* Build configuration list for PBXNativeTarget "SDL Test2" */;
			buildPhases = (
				4EF594511348FE87000D01B1 /* Sources */,
				4EF594521348FE87000D01B1 /* Frameworks */,
				4EF594531348FE87000D01B1 /* Resources */,
			);
			buildRules = (
			);
			dependencies = (
			);
			name = "SDL Test2";
			productName = "SDL Test2";
			productReference = 4EF594551348FE87000D01B1 /* SDL Test2.app */;
			productType = "com.apple.product-type.application";
		};
/* End PBXNativeTarget section */

/* Begin PBXProject section */
		4EF594461348FE08000D01B1 /* Project object */ = {
			isa = PBXProject;
			attributes = {
				ORGANIZATIONNAME = "Miro Keller";
			};
			buildConfigurationList = 4EF594491348FE08000D01B1 /* Build configuration list for PBXProject "SDL Test2" */;
			compatibilityVersion = "Xcode 3.2";
			developmentRegion = English;
			hasScannedForEncodings = 0;
			knownRegions = (
				en,
			);
			mainGroup = 4EF594441348FE08000D01B1;
			productRefGroup = 4EF594561348FE87000D01B1 /* Products */;
			projectDirPath = "";
			projectRoot = "";
			targets = (
				4EF594541348FE87000D01B1 /* SDL Test2 */,
			);
		};
/* End PBXProject section */

/* Begin PBXResourcesBuildPhase section */
		4EF594531348FE87000D01B1 /* Resources */ = {
			isa = PBXResourcesBuildPhase;
			buildActionMask = 2147483647;
			files = (
				4EF594641348FE87000D01B1 /* InfoPlist.strings in Resources */,
				4EF5946A1348FE87000D01B1 /* Credits.rtf in Resources */,
				4EF594701348FE87000D01B1 /* MainMenu.xib in Resources */,
			);
			runOnlyForDeploymentPostprocessing = 0;
		};
/* End PBXResourcesBuildPhase section */

/* Begin PBXSourcesBuildPhase section */
		4EF594511348FE87000D01B1 /* Sources */ = {
			isa = PBXSourcesBuildPhase;
			buildActionMask = 2147483647;
			files = (
				4EF594671348FE87000D01B1 /* main.m in Sources */,
				4EF5946D1348FE87000D01B1 /* SDL_Test2AppDelegate.m in Sources */,
			);
			runOnlyForDeploymentPostprocessing = 0;
		};
/* End PBXSourcesBuildPhase section */

/* Begin PBXVariantGroup section */
		4EF594621348FE87000D01B1 /* InfoPlist.strings */ = {
			isa = PBXVariantGroup;
			children = (
				4EF594631348FE87000D01B1 /* en */,
			);
			name = InfoPlist.strings;
			sourceTree = "<group>";
		};
		4EF594681348FE87000D01B1 /* Credits.rtf */ = {
			isa = PBXVariantGroup;
			children = (
				4EF594691348FE87000D01B1 /* en */,
			);
			name = Credits.rtf;
			sourceTree = "<group>";
		};
		4EF5946E1348FE87000D01B1 /* MainMenu.xib */ = {
			isa = PBXVariantGroup;
			children = (
				4EF5946F1348FE87000D01B1 /* en */,
			);
			name = MainMenu.xib;
			sourceTree = "<group>";
		};
/* End PBXVariantGroup section */

/* Begin XCBuildConfiguration section */
		4EF5944B1348FE08000D01B1 /* Debug */ = {
			isa = XCBuildConfiguration;
			buildSettings = {
			};
			name = Debug;
		};
		4EF5944C1348FE08000D01B1 /* Release */ = {
			isa = XCBuildConfiguration;
			buildSettings = {
			};
			name = Release;
		};
		4EF594721348FE87000D01B1 /* Debug */ = {
			isa = XCBuildConfiguration;
			buildSettings = {
				ALWAYS_SEARCH_USER_PATHS = NO;
				ARCHS = "$(ARCHS_STANDARD_32_64_BIT)";
				COPY_PHASE_STRIP = NO;
				GCC_C_LANGUAGE_STANDARD = gnu99;
				GCC_DYNAMIC_NO_PIC = NO;
				GCC_ENABLE_OBJC_EXCEPTIONS = YES;
				GCC_OPTIMIZATION_LEVEL = 0;
				GCC_PRECOMPILE_PREFIX_HEADER = YES;
				GCC_PREFIX_HEADER = "SDL Test2/SDL Test2-Prefix.pch";
				GCC_PREPROCESSOR_DEFINITIONS = DEBUG;
				GCC_SYMBOLS_PRIVATE_EXTERN = NO;
				GCC_VERSION = com.apple.compilers.llvm.clang.1_0;
				GCC_WARN_64_TO_32_BIT_CONVERSION = YES;
				GCC_WARN_ABOUT_RETURN_TYPE = YES;
				GCC_WARN_UNUSED_VARIABLE = YES;
				INFOPLIST_FILE = "SDL Test2/SDL Test2-Info.plist";
				MACOSX_DEPLOYMENT_TARGET = 10.6;
				ONLY_ACTIVE_ARCH = YES;
				PRODUCT_NAME = "$(TARGET_NAME)";
				SDKROOT = macosx;
				WRAPPER_EXTENSION = app;
			};
			name = Debug;
		};
		4EF594731348FE87000D01B1 /* Release */ = {
			isa = XCBuildConfiguration;
			buildSettings = {
				ALWAYS_SEARCH_USER_PATHS = NO;
				ARCHS = "$(ARCHS_STANDARD_32_64_BIT)";
				COPY_PHASE_STRIP = YES;
				DEBUG_INFORMATION_FORMAT = "dwarf-with-dsym";
				GCC_C_LANGUAGE_STANDARD = gnu99;
				GCC_ENABLE_OBJC_EXCEPTIONS = YES;
				GCC_PRECOMPILE_PREFIX_HEADER = YES;
				GCC_PREFIX_HEADER = "SDL Test2/SDL Test2-Prefix.pch";
				GCC_VERSION = com.apple.compilers.llvm.clang.1_0;
				GCC_WARN_64_TO_32_BIT_CONVERSION = YES;
				GCC_WARN_ABOUT_RETURN_TYPE = YES;
				GCC_WARN_UNUSED_VARIABLE = YES;
				INFOPLIST_FILE = "SDL Test2/SDL Test2-Info.plist";
				MACOSX_DEPLOYMENT_TARGET = 10.6;
				PRODUCT_NAME = "$(TARGET_NAME)";
				SDKROOT = macosx;
				WRAPPER_EXTENSION = app;
			};
			name = Release;
		};
/* End XCBuildConfiguration section */

/* Begin XCConfigurationList section */
		4EF594491348FE08000D01B1 /* Build configuration list for PBXProject "SDL Test2" */ = {
			isa = XCConfigurationList;
			buildConfigurations = (
				4EF5944B1348FE08000D01B1 /* Debug */,
				4EF5944C1348FE08000D01B1 /* Release */,
			);
			defaultConfigurationIsVisible = 0;
			defaultConfigurationName = Release;
		};
		4EF594711348FE87000D01B1 /* Build configuration list for PBXNativeTarget "SDL Test2" */ = {
			isa = XCConfigurationList;
			buildConfigurations = (
				4EF594721348FE87000D01B1 /* Debug */,
				4EF594731348FE87000D01B1 /* Release */,
			);
			defaultConfigurationIsVisible = 0;
		};
/* End XCConfigurationList section */
	};
	rootObject = 4EF594461348FE08000D01B1 /* Project object */;
}
